// !$*UTF8*$!
{
	archiveVersion = 1;
	classes = {
	};
	objectVersion = 46;
	objects = {

/* Begin PBXBuildFile section */
		1B169DE11960D66300CDC9AA /* ClassGroupsViewController.m in Sources */ = {isa = PBXBuildFile; fileRef = 1B169DE01960D66300CDC9AA /* ClassGroupsViewController.m */; };
		1B169DE81960DAB200CDC9AA /* HandoutViewController.m in Sources */ = {isa = PBXBuildFile; fileRef = 1B169DE71960DAB200CDC9AA /* HandoutViewController.m */; };
		1B3E15E2195C8EA000DF7B16 /* Foundation.framework in Frameworks */ = {isa = PBXBuildFile; fileRef = 1B3E15E1195C8EA000DF7B16 /* Foundation.framework */; };
		1B3E15E4195C8EA000DF7B16 /* CoreGraphics.framework in Frameworks */ = {isa = PBXBuildFile; fileRef = 1B3E15E3195C8EA000DF7B16 /* CoreGraphics.framework */; };
		1B3E15E6195C8EA000DF7B16 /* UIKit.framework in Frameworks */ = {isa = PBXBuildFile; fileRef = 1B3E15E5195C8EA000DF7B16 /* UIKit.framework */; };
		1B3E15EC195C8EA000DF7B16 /* InfoPlist.strings in Resources */ = {isa = PBXBuildFile; fileRef = 1B3E15EA195C8EA000DF7B16 /* InfoPlist.strings */; };
		1B3E15EE195C8EA000DF7B16 /* main.m in Sources */ = {isa = PBXBuildFile; fileRef = 1B3E15ED195C8EA000DF7B16 /* main.m */; };
		1B3E15F2195C8EA000DF7B16 /* ClassAppDelegate.m in Sources */ = {isa = PBXBuildFile; fileRef = 1B3E15F1195C8EA000DF7B16 /* ClassAppDelegate.m */; };
		1B3E15F5195C8EA000DF7B16 /* Main.storyboard in Resources */ = {isa = PBXBuildFile; fileRef = 1B3E15F3195C8EA000DF7B16 /* Main.storyboard */; };
		1B3E15F8195C8EA000DF7B16 /* ClassViewController.m in Sources */ = {isa = PBXBuildFile; fileRef = 1B3E15F7195C8EA000DF7B16 /* ClassViewController.m */; };
		1B3E15FA195C8EA000DF7B16 /* Images.xcassets in Resources */ = {isa = PBXBuildFile; fileRef = 1B3E15F9195C8EA000DF7B16 /* Images.xcassets */; };
		1B3E1601195C8EA000DF7B16 /* XCTest.framework in Frameworks */ = {isa = PBXBuildFile; fileRef = 1B3E1600195C8EA000DF7B16 /* XCTest.framework */; };
		1B3E1602195C8EA000DF7B16 /* Foundation.framework in Frameworks */ = {isa = PBXBuildFile; fileRef = 1B3E15E1195C8EA000DF7B16 /* Foundation.framework */; };
		1B3E1603195C8EA000DF7B16 /* UIKit.framework in Frameworks */ = {isa = PBXBuildFile; fileRef = 1B3E15E5195C8EA000DF7B16 /* UIKit.framework */; };
		1B3E160B195C8EA000DF7B16 /* InfoPlist.strings in Resources */ = {isa = PBXBuildFile; fileRef = 1B3E1609195C8EA000DF7B16 /* InfoPlist.strings */; };
		1B3E160D195C8EA000DF7B16 /* ClassBoardTests.m in Sources */ = {isa = PBXBuildFile; fileRef = 1B3E160C195C8EA000DF7B16 /* ClassBoardTests.m */; };
		1B3E1618195CB7A100DF7B16 /* SystemConfiguration.framework in Frameworks */ = {isa = PBXBuildFile; fileRef = 1B3E1616195CB7A100DF7B16 /* SystemConfiguration.framework */; };
		1B3E1619195CB7A100DF7B16 /* Security.framework in Frameworks */ = {isa = PBXBuildFile; fileRef = 1B3E1617195CB7A100DF7B16 /* Security.framework */; };
		1B3E162B195CB94A00DF7B16 /* MobileCoreServices.framework in Frameworks */ = {isa = PBXBuildFile; fileRef = 1B3E162A195CB94A00DF7B16 /* MobileCoreServices.framework */; };
		1B3E162D195CBAE500DF7B16 /* GTMOAuth2ViewTouch.xib in Resources */ = {isa = PBXBuildFile; fileRef = 1B3E162C195CBAE500DF7B16 /* GTMOAuth2ViewTouch.xib */; };
		1B3E1630195CBB1100DF7B16 /* GTLDrive_Sources.m in Sources */ = {isa = PBXBuildFile; fileRef = 1B3E162F195CBB1100DF7B16 /* GTLDrive_Sources.m */; };
		1B3E1632195CD5C100DF7B16 /* nevis.ttf in Resources */ = {isa = PBXBuildFile; fileRef = 1B3E1631195CD53500DF7B16 /* nevis.ttf */; };
		1B3E1635195CD71000DF7B16 /* SplashPageViewController.m in Sources */ = {isa = PBXBuildFile; fileRef = 1B3E1634195CD71000DF7B16 /* SplashPageViewController.m */; };
		1B3E163E195CE9B200DF7B16 /* BoardViewController.m in Sources */ = {isa = PBXBuildFile; fileRef = 1B3E163D195CE9B200DF7B16 /* BoardViewController.m */; };
		1B3E1647195CEA9600DF7B16 /* SRWebSocket.m in Sources */ = {isa = PBXBuildFile; fileRef = 1B3E1646195CEA9600DF7B16 /* SRWebSocket.m */; };
		1B3E1649195CEB2400DF7B16 /* CFNetwork.framework in Frameworks */ = {isa = PBXBuildFile; fileRef = 1B3E1648195CEB2400DF7B16 /* CFNetwork.framework */; };
		1B3E164B195CEB3200DF7B16 /* libicucore.dylib in Frameworks */ = {isa = PBXBuildFile; fileRef = 1B3E164A195CEB3200DF7B16 /* libicucore.dylib */; };
		1B3E164F195CEC2700DF7B16 /* SmoothedBIView.m in Sources */ = {isa = PBXBuildFile; fileRef = 1B3E164E195CEC2700DF7B16 /* SmoothedBIView.m */; };
		1B42D2BF1A96F23E0049D05C /* SignupVC.m in Sources */ = {isa = PBXBuildFile; fileRef = 1B42D2BE1A96F23E0049D05C /* SignupVC.m */; };
		1B4F678919734A8400AC7CD3 /* DrEditUtilities.m in Sources */ = {isa = PBXBuildFile; fileRef = 1B4F678819734A8400AC7CD3 /* DrEditUtilities.m */; };
		1B81ECBC197BBE0800789664 /* InvitesViewController.m in Sources */ = {isa = PBXBuildFile; fileRef = 1B81ECBB197BBE0800789664 /* InvitesViewController.m */; };
		1B8A8F6D1A9E5D3700C29491 /* DocumentVC.m in Sources */ = {isa = PBXBuildFile; fileRef = 1B8A8F6C1A9E5D3700C29491 /* DocumentVC.m */; };
		1B96522E1992BE950071DD05 /* walkway.ttf in Resources */ = {isa = PBXBuildFile; fileRef = 1B96522D1992BE950071DD05 /* walkway.ttf */; };
		1B9652351992CE0A0071DD05 /* TestControllerViewController.m in Sources */ = {isa = PBXBuildFile; fileRef = 1B9652341992CE0A0071DD05 /* TestControllerViewController.m */; };
		1BCDF68C1978EE3C007745AD /* SaveLocationViewController.m in Sources */ = {isa = PBXBuildFile; fileRef = 1BCDF68B1978EE3C007745AD /* SaveLocationViewController.m */; };
		1BF049D91A66F79B007125E5 /* libGTLTouchStaticLib.a in Frameworks */ = {isa = PBXBuildFile; fileRef = 1BF049D41A66F698007125E5 /* libGTLTouchStaticLib.a */; };
/* End PBXBuildFile section */

/* Begin PBXContainerItemProxy section */
		1B3E1604195C8EA000DF7B16 /* PBXContainerItemProxy */ = {
			isa = PBXContainerItemProxy;
			containerPortal = 1B3E15D6195C8E9F00DF7B16 /* Project object */;
			proxyType = 1;
			remoteGlobalIDString = 1B3E15DD195C8EA000DF7B16;
			remoteInfo = ClassBoard;
		};
		1BF049D11A66F698007125E5 /* PBXContainerItemProxy */ = {
			isa = PBXContainerItemProxy;
			containerPortal = 1BF049CA1A66F68E007125E5 /* GTL.xcodeproj */;
			proxyType = 2;
			remoteGlobalIDString = 4F38F6A60B66E91D00B24B81;
			remoteInfo = GTLFramework;
		};
		1BF049D31A66F698007125E5 /* PBXContainerItemProxy */ = {
			isa = PBXContainerItemProxy;
			containerPortal = 1BF049CA1A66F68E007125E5 /* GTL.xcodeproj */;
			proxyType = 2;
			remoteGlobalIDString = 4F12027C11A4CA2F00BEB470;
			remoteInfo = GTLTouchStaticLib;
		};
		1BF049D51A66F698007125E5 /* PBXContainerItemProxy */ = {
			isa = PBXContainerItemProxy;
			containerPortal = 1BF049CA1A66F68E007125E5 /* GTL.xcodeproj */;
			proxyType = 2;
			remoteGlobalIDString = 4F12027D11A4CA2F00BEB470;
			remoteInfo = GTLUnitTests;
		};
		1BF049D71A66F698007125E5 /* PBXContainerItemProxy */ = {
			isa = PBXContainerItemProxy;
			containerPortal = 1BF049CA1A66F68E007125E5 /* GTL.xcodeproj */;
			proxyType = 2;
			remoteGlobalIDString = 4F1AD9020B71603F00DC0485;
			remoteInfo = DevelopmentTestTool;
		};
/* End PBXContainerItemProxy section */

/* Begin PBXFileReference section */
		1B169DDF1960D66300CDC9AA /* ClassGroupsViewController.h */ = {isa = PBXFileReference; fileEncoding = 4; lastKnownFileType = sourcecode.c.h; path = ClassGroupsViewController.h; sourceTree = "<group>"; };
		1B169DE01960D66300CDC9AA /* ClassGroupsViewController.m */ = {isa = PBXFileReference; fileEncoding = 4; lastKnownFileType = sourcecode.c.objc; path = ClassGroupsViewController.m; sourceTree = "<group>"; };
		1B169DE61960DAB200CDC9AA /* HandoutViewController.h */ = {isa = PBXFileReference; fileEncoding = 4; lastKnownFileType = sourcecode.c.h; path = HandoutViewController.h; sourceTree = "<group>"; };
		1B169DE71960DAB200CDC9AA /* HandoutViewController.m */ = {isa = PBXFileReference; fileEncoding = 4; lastKnownFileType = sourcecode.c.objc; path = HandoutViewController.m; sourceTree = "<group>"; };
		1B3E15DE195C8EA000DF7B16 /* ClassBoard.app */ = {isa = PBXFileReference; explicitFileType = wrapper.application; includeInIndex = 0; path = ClassBoard.app; sourceTree = BUILT_PRODUCTS_DIR; };
		1B3E15E1195C8EA000DF7B16 /* Foundation.framework */ = {isa = PBXFileReference; lastKnownFileType = wrapper.framework; name = Foundation.framework; path = System/Library/Frameworks/Foundation.framework; sourceTree = SDKROOT; };
		1B3E15E3195C8EA000DF7B16 /* CoreGraphics.framework */ = {isa = PBXFileReference; lastKnownFileType = wrapper.framework; name = CoreGraphics.framework; path = System/Library/Frameworks/CoreGraphics.framework; sourceTree = SDKROOT; };
		1B3E15E5195C8EA000DF7B16 /* UIKit.framework */ = {isa = PBXFileReference; lastKnownFileType = wrapper.framework; name = UIKit.framework; path = System/Library/Frameworks/UIKit.framework; sourceTree = SDKROOT; };
		1B3E15E9195C8EA000DF7B16 /* ClassBoard-Info.plist */ = {isa = PBXFileReference; lastKnownFileType = text.plist.xml; path = "ClassBoard-Info.plist"; sourceTree = "<group>"; };
		1B3E15EB195C8EA000DF7B16 /* en */ = {isa = PBXFileReference; lastKnownFileType = text.plist.strings; name = en; path = en.lproj/InfoPlist.strings; sourceTree = "<group>"; };
		1B3E15ED195C8EA000DF7B16 /* main.m */ = {isa = PBXFileReference; lastKnownFileType = sourcecode.c.objc; path = main.m; sourceTree = "<group>"; };
		1B3E15EF195C8EA000DF7B16 /* ClassBoard-Prefix.pch */ = {isa = PBXFileReference; lastKnownFileType = sourcecode.c.h; path = "ClassBoard-Prefix.pch"; sourceTree = "<group>"; };
		1B3E15F0195C8EA000DF7B16 /* ClassAppDelegate.h */ = {isa = PBXFileReference; lastKnownFileType = sourcecode.c.h; path = ClassAppDelegate.h; sourceTree = "<group>"; };
		1B3E15F1195C8EA000DF7B16 /* ClassAppDelegate.m */ = {isa = PBXFileReference; lastKnownFileType = sourcecode.c.objc; path = ClassAppDelegate.m; sourceTree = "<group>"; };
		1B3E15F4195C8EA000DF7B16 /* Base */ = {isa = PBXFileReference; lastKnownFileType = file.storyboard; name = Base; path = Base.lproj/Main.storyboard; sourceTree = "<group>"; };
		1B3E15F6195C8EA000DF7B16 /* ClassViewController.h */ = {isa = PBXFileReference; lastKnownFileType = sourcecode.c.h; path = ClassViewController.h; sourceTree = "<group>"; };
		1B3E15F7195C8EA000DF7B16 /* ClassViewController.m */ = {isa = PBXFileReference; lastKnownFileType = sourcecode.c.objc; path = ClassViewController.m; sourceTree = "<group>"; };
		1B3E15F9195C8EA000DF7B16 /* Images.xcassets */ = {isa = PBXFileReference; lastKnownFileType = folder.assetcatalog; path = Images.xcassets; sourceTree = "<group>"; };
		1B3E15FF195C8EA000DF7B16 /* ClassBoardTests.xctest */ = {isa = PBXFileReference; explicitFileType = wrapper.cfbundle; includeInIndex = 0; path = ClassBoardTests.xctest; sourceTree = BUILT_PRODUCTS_DIR; };
		1B3E1600195C8EA000DF7B16 /* XCTest.framework */ = {isa = PBXFileReference; lastKnownFileType = wrapper.framework; name = XCTest.framework; path = Library/Frameworks/XCTest.framework; sourceTree = DEVELOPER_DIR; };
		1B3E1608195C8EA000DF7B16 /* ClassBoardTests-Info.plist */ = {isa = PBXFileReference; lastKnownFileType = text.plist.xml; path = "ClassBoardTests-Info.plist"; sourceTree = "<group>"; };
		1B3E160A195C8EA000DF7B16 /* en */ = {isa = PBXFileReference; lastKnownFileType = text.plist.strings; name = en; path = en.lproj/InfoPlist.strings; sourceTree = "<group>"; };
		1B3E160C195C8EA000DF7B16 /* ClassBoardTests.m */ = {isa = PBXFileReference; lastKnownFileType = sourcecode.c.objc; path = ClassBoardTests.m; sourceTree = "<group>"; };
		1B3E1616195CB7A100DF7B16 /* SystemConfiguration.framework */ = {isa = PBXFileReference; lastKnownFileType = wrapper.framework; name = SystemConfiguration.framework; path = System/Library/Frameworks/SystemConfiguration.framework; sourceTree = SDKROOT; };
		1B3E1617195CB7A100DF7B16 /* Security.framework */ = {isa = PBXFileReference; lastKnownFileType = wrapper.framework; name = Security.framework; path = System/Library/Frameworks/Security.framework; sourceTree = SDKROOT; };
		1B3E162A195CB94A00DF7B16 /* MobileCoreServices.framework */ = {isa = PBXFileReference; lastKnownFileType = wrapper.framework; name = MobileCoreServices.framework; path = System/Library/Frameworks/MobileCoreServices.framework; sourceTree = SDKROOT; };
		1B3E162C195CBAE500DF7B16 /* GTMOAuth2ViewTouch.xib */ = {isa = PBXFileReference; fileEncoding = 4; lastKnownFileType = file.xib; name = GTMOAuth2ViewTouch.xib; path = "google-api-objectivec-client-read-only/Source/OAuth2/Touch/GTMOAuth2ViewTouch.xib"; sourceTree = SOURCE_ROOT; };
		1B3E162E195CBB1100DF7B16 /* GTLDrive.h */ = {isa = PBXFileReference; fileEncoding = 4; lastKnownFileType = sourcecode.c.h; name = GTLDrive.h; path = "google-api-objectivec-client-read-only/Source/Services/Drive/Generated/GTLDrive.h"; sourceTree = SOURCE_ROOT; };
		1B3E162F195CBB1100DF7B16 /* GTLDrive_Sources.m */ = {isa = PBXFileReference; fileEncoding = 4; lastKnownFileType = sourcecode.c.objc; name = GTLDrive_Sources.m; path = "google-api-objectivec-client-read-only/Source/Services/Drive/Generated/GTLDrive_Sources.m"; sourceTree = SOURCE_ROOT; };
		1B3E1631195CD53500DF7B16 /* nevis.ttf */ = {isa = PBXFileReference; lastKnownFileType = file; path = nevis.ttf; sourceTree = "<group>"; };
		1B3E1633195CD71000DF7B16 /* SplashPageViewController.h */ = {isa = PBXFileReference; fileEncoding = 4; lastKnownFileType = sourcecode.c.h; path = SplashPageViewController.h; sourceTree = "<group>"; };
		1B3E1634195CD71000DF7B16 /* SplashPageViewController.m */ = {isa = PBXFileReference; fileEncoding = 4; lastKnownFileType = sourcecode.c.objc; path = SplashPageViewController.m; sourceTree = "<group>"; };
		1B3E163C195CE9B200DF7B16 /* BoardViewController.h */ = {isa = PBXFileReference; fileEncoding = 4; lastKnownFileType = sourcecode.c.h; path = BoardViewController.h; sourceTree = "<group>"; };
		1B3E163D195CE9B200DF7B16 /* BoardViewController.m */ = {isa = PBXFileReference; fileEncoding = 4; lastKnownFileType = sourcecode.c.objc; path = BoardViewController.m; sourceTree = "<group>"; };
		1B3E1644195CEA9600DF7B16 /* SocketRocket-Prefix.pch */ = {isa = PBXFileReference; fileEncoding = 4; lastKnownFileType = sourcecode.c.h; path = "SocketRocket-Prefix.pch"; sourceTree = "<group>"; };
		1B3E1645195CEA9600DF7B16 /* SRWebSocket.h */ = {isa = PBXFileReference; fileEncoding = 4; lastKnownFileType = sourcecode.c.h; path = SRWebSocket.h; sourceTree = "<group>"; };
		1B3E1646195CEA9600DF7B16 /* SRWebSocket.m */ = {isa = PBXFileReference; fileEncoding = 4; lastKnownFileType = sourcecode.c.objc; path = SRWebSocket.m; sourceTree = "<group>"; };
		1B3E1648195CEB2400DF7B16 /* CFNetwork.framework */ = {isa = PBXFileReference; lastKnownFileType = wrapper.framework; name = CFNetwork.framework; path = System/Library/Frameworks/CFNetwork.framework; sourceTree = SDKROOT; };
		1B3E164A195CEB3200DF7B16 /* libicucore.dylib */ = {isa = PBXFileReference; lastKnownFileType = "compiled.mach-o.dylib"; name = libicucore.dylib; path = usr/lib/libicucore.dylib; sourceTree = SDKROOT; };
		1B3E164D195CEC2700DF7B16 /* SmoothedBIView.h */ = {isa = PBXFileReference; fileEncoding = 4; lastKnownFileType = sourcecode.c.h; path = SmoothedBIView.h; sourceTree = "<group>"; };
		1B3E164E195CEC2700DF7B16 /* SmoothedBIView.m */ = {isa = PBXFileReference; fileEncoding = 4; lastKnownFileType = sourcecode.c.objc; path = SmoothedBIView.m; sourceTree = "<group>"; };
		1B42D2BD1A96F23D0049D05C /* SignupVC.h */ = {isa = PBXFileReference; fileEncoding = 4; lastKnownFileType = sourcecode.c.h; path = SignupVC.h; sourceTree = "<group>"; };
		1B42D2BE1A96F23E0049D05C /* SignupVC.m */ = {isa = PBXFileReference; fileEncoding = 4; lastKnownFileType = sourcecode.c.objc; path = SignupVC.m; sourceTree = "<group>"; };
		1B4F678719734A8400AC7CD3 /* DrEditUtilities.h */ = {isa = PBXFileReference; fileEncoding = 4; lastKnownFileType = sourcecode.c.h; path = DrEditUtilities.h; sourceTree = "<group>"; };
		1B4F678819734A8400AC7CD3 /* DrEditUtilities.m */ = {isa = PBXFileReference; fileEncoding = 4; lastKnownFileType = sourcecode.c.objc; path = DrEditUtilities.m; sourceTree = "<group>"; };
		1B81ECBA197BBE0800789664 /* InvitesViewController.h */ = {isa = PBXFileReference; fileEncoding = 4; lastKnownFileType = sourcecode.c.h; path = InvitesViewController.h; sourceTree = "<group>"; };
		1B81ECBB197BBE0800789664 /* InvitesViewController.m */ = {isa = PBXFileReference; fileEncoding = 4; lastKnownFileType = sourcecode.c.objc; path = InvitesViewController.m; sourceTree = "<group>"; };
		1B8A8F6B1A9E5D3700C29491 /* DocumentVC.h */ = {isa = PBXFileReference; fileEncoding = 4; lastKnownFileType = sourcecode.c.h; path = DocumentVC.h; sourceTree = "<group>"; };
		1B8A8F6C1A9E5D3700C29491 /* DocumentVC.m */ = {isa = PBXFileReference; fileEncoding = 4; lastKnownFileType = sourcecode.c.objc; path = DocumentVC.m; sourceTree = "<group>"; };
		1B96522D1992BE950071DD05 /* walkway.ttf */ = {isa = PBXFileReference; lastKnownFileType = file; path = walkway.ttf; sourceTree = "<group>"; };
		1B9652331992CE0A0071DD05 /* TestControllerViewController.h */ = {isa = PBXFileReference; fileEncoding = 4; lastKnownFileType = sourcecode.c.h; path = TestControllerViewController.h; sourceTree = "<group>"; };
		1B9652341992CE0A0071DD05 /* TestControllerViewController.m */ = {isa = PBXFileReference; fileEncoding = 4; lastKnownFileType = sourcecode.c.objc; path = TestControllerViewController.m; sourceTree = "<group>"; };
		1BCDF68A1978EE3C007745AD /* SaveLocationViewController.h */ = {isa = PBXFileReference; fileEncoding = 4; lastKnownFileType = sourcecode.c.h; path = SaveLocationViewController.h; sourceTree = "<group>"; };
		1BCDF68B1978EE3C007745AD /* SaveLocationViewController.m */ = {isa = PBXFileReference; fileEncoding = 4; lastKnownFileType = sourcecode.c.objc; path = SaveLocationViewController.m; sourceTree = "<group>"; };
		1BF049CA1A66F68E007125E5 /* GTL.xcodeproj */ = {isa = PBXFileReference; lastKnownFileType = "wrapper.pb-project"; name = GTL.xcodeproj; path = "google-api-objectivec-client-read-only/Source/GTL.xcodeproj"; sourceTree = "<group>"; };
/* End PBXFileReference section */

/* Begin PBXFrameworksBuildPhase section */
		1B3E15DB195C8EA000DF7B16 /* Frameworks */ = {
			isa = PBXFrameworksBuildPhase;
			buildActionMask = 2147483647;
			files = (
				1BF049D91A66F79B007125E5 /* libGTLTouchStaticLib.a in Frameworks */,
				1B3E164B195CEB3200DF7B16 /* libicucore.dylib in Frameworks */,
				1B3E1649195CEB2400DF7B16 /* CFNetwork.framework in Frameworks */,
				1B3E162B195CB94A00DF7B16 /* MobileCoreServices.framework in Frameworks */,
				1B3E15E4195C8EA000DF7B16 /* CoreGraphics.framework in Frameworks */,
				1B3E1619195CB7A100DF7B16 /* Security.framework in Frameworks */,
				1B3E15E6195C8EA000DF7B16 /* UIKit.framework in Frameworks */,
				1B3E1618195CB7A100DF7B16 /* SystemConfiguration.framework in Frameworks */,
				1B3E15E2195C8EA000DF7B16 /* Foundation.framework in Frameworks */,
			);
			runOnlyForDeploymentPostprocessing = 0;
		};
		1B3E15FC195C8EA000DF7B16 /* Frameworks */ = {
			isa = PBXFrameworksBuildPhase;
			buildActionMask = 2147483647;
			files = (
				1B3E1601195C8EA000DF7B16 /* XCTest.framework in Frameworks */,
				1B3E1603195C8EA000DF7B16 /* UIKit.framework in Frameworks */,
				1B3E1602195C8EA000DF7B16 /* Foundation.framework in Frameworks */,
			);
			runOnlyForDeploymentPostprocessing = 0;
		};
/* End PBXFrameworksBuildPhase section */

/* Begin PBXGroup section */
		1B3E15D5195C8E9F00DF7B16 = {
			isa = PBXGroup;
			children = (
				1B3E1616195CB7A100DF7B16 /* SystemConfiguration.framework */,
				1B3E1617195CB7A100DF7B16 /* Security.framework */,
				1B3E15E7195C8EA000DF7B16 /* ClassBoard */,
				1B3E1606195C8EA000DF7B16 /* ClassBoardTests */,
				1B3E15E0195C8EA000DF7B16 /* Frameworks */,
				1B3E15DF195C8EA000DF7B16 /* Products */,
				1BF049CA1A66F68E007125E5 /* GTL.xcodeproj */,
			);
			sourceTree = "<group>";
		};
		1B3E15DF195C8EA000DF7B16 /* Products */ = {
			isa = PBXGroup;
			children = (
				1B3E15DE195C8EA000DF7B16 /* ClassBoard.app */,
				1B3E15FF195C8EA000DF7B16 /* ClassBoardTests.xctest */,
			);
			name = Products;
			sourceTree = "<group>";
		};
		1B3E15E0195C8EA000DF7B16 /* Frameworks */ = {
			isa = PBXGroup;
			children = (
				1B3E164A195CEB3200DF7B16 /* libicucore.dylib */,
				1B3E1648195CEB2400DF7B16 /* CFNetwork.framework */,
				1B3E162A195CB94A00DF7B16 /* MobileCoreServices.framework */,
				1B3E15E1195C8EA000DF7B16 /* Foundation.framework */,
				1B3E15E3195C8EA000DF7B16 /* CoreGraphics.framework */,
				1B3E15E5195C8EA000DF7B16 /* UIKit.framework */,
				1B3E1600195C8EA000DF7B16 /* XCTest.framework */,
			);
			name = Frameworks;
			sourceTree = "<group>";
		};
		1B3E15E7195C8EA000DF7B16 /* ClassBoard */ = {
			isa = PBXGroup;
			children = (
				1B81ECBA197BBE0800789664 /* InvitesViewController.h */,
				1B81ECBB197BBE0800789664 /* InvitesViewController.m */,
				1B3E164D195CEC2700DF7B16 /* SmoothedBIView.h */,
				1B3E164E195CEC2700DF7B16 /* SmoothedBIView.m */,
				1B3E163C195CE9B200DF7B16 /* BoardViewController.h */,
				1B3E163D195CE9B200DF7B16 /* BoardViewController.m */,
				1B169DE61960DAB200CDC9AA /* HandoutViewController.h */,
				1B169DE71960DAB200CDC9AA /* HandoutViewController.m */,
				1B3E162E195CBB1100DF7B16 /* GTLDrive.h */,
				1B3E162F195CBB1100DF7B16 /* GTLDrive_Sources.m */,
				1B3E162C195CBAE500DF7B16 /* GTMOAuth2ViewTouch.xib */,
				1BCDF68A1978EE3C007745AD /* SaveLocationViewController.h */,
				1BCDF68B1978EE3C007745AD /* SaveLocationViewController.m */,
				1B3E15F0195C8EA000DF7B16 /* ClassAppDelegate.h */,
				1B3E15F1195C8EA000DF7B16 /* ClassAppDelegate.m */,
				1B3E15F3195C8EA000DF7B16 /* Main.storyboard */,
				1B42D2BD1A96F23D0049D05C /* SignupVC.h */,
				1B42D2BE1A96F23E0049D05C /* SignupVC.m */,
				1B9652331992CE0A0071DD05 /* TestControllerViewController.h */,
				1B8A8F6B1A9E5D3700C29491 /* DocumentVC.h */,
				1B8A8F6C1A9E5D3700C29491 /* DocumentVC.m */,
				1B9652341992CE0A0071DD05 /* TestControllerViewController.m */,
				1B169DDF1960D66300CDC9AA /* ClassGroupsViewController.h */,
				1B169DE01960D66300CDC9AA /* ClassGroupsViewController.m */,
				1B3E1633195CD71000DF7B16 /* SplashPageViewController.h */,
				1B3E1634195CD71000DF7B16 /* SplashPageViewController.m */,
				1B4F678719734A8400AC7CD3 /* DrEditUtilities.h */,
				1B4F678819734A8400AC7CD3 /* DrEditUtilities.m */,
				1B3E15F6195C8EA000DF7B16 /* ClassViewController.h */,
				1B3E15F7195C8EA000DF7B16 /* ClassViewController.m */,
				1B3E15F9195C8EA000DF7B16 /* Images.xcassets */,
				1B3E15E8195C8EA000DF7B16 /* Supporting Files */,
			);
			path = ClassBoard;
			sourceTree = "<group>";
		};
		1B3E15E8195C8EA000DF7B16 /* Supporting Files */ = {
			isa = PBXGroup;
			children = (
				1B3E1643195CEA9600DF7B16 /* SocketRocket */,
				1B3E1631195CD53500DF7B16 /* nevis.ttf */,
				1B96522D1992BE950071DD05 /* walkway.ttf */,
				1B3E15E9195C8EA000DF7B16 /* ClassBoard-Info.plist */,
				1B3E15EA195C8EA000DF7B16 /* InfoPlist.strings */,
				1B3E15ED195C8EA000DF7B16 /* main.m */,
				1B3E15EF195C8EA000DF7B16 /* ClassBoard-Prefix.pch */,
			);
			name = "Supporting Files";
			sourceTree = "<group>";
		};
		1B3E1606195C8EA000DF7B16 /* ClassBoardTests */ = {
			isa = PBXGroup;
			children = (
				1B3E160C195C8EA000DF7B16 /* ClassBoardTests.m */,
				1B3E1607195C8EA000DF7B16 /* Supporting Files */,
			);
			path = ClassBoardTests;
			sourceTree = "<group>";
		};
		1B3E1607195C8EA000DF7B16 /* Supporting Files */ = {
			isa = PBXGroup;
			children = (
				1B3E1608195C8EA000DF7B16 /* ClassBoardTests-Info.plist */,
				1B3E1609195C8EA000DF7B16 /* InfoPlist.strings */,
			);
			name = "Supporting Files";
			sourceTree = "<group>";
		};
		1B3E1643195CEA9600DF7B16 /* SocketRocket */ = {
			isa = PBXGroup;
			children = (
				1B3E1644195CEA9600DF7B16 /* SocketRocket-Prefix.pch */,
				1B3E1645195CEA9600DF7B16 /* SRWebSocket.h */,
				1B3E1646195CEA9600DF7B16 /* SRWebSocket.m */,
			);
			path = SocketRocket;
			sourceTree = "<group>";
		};
		1BF049CB1A66F68E007125E5 /* Products */ = {
			isa = PBXGroup;
			children = (
				1BF049D21A66F698007125E5 /* GTL.framework */,
				1BF049D41A66F698007125E5 /* libGTLTouchStaticLib.a */,
				1BF049D61A66F698007125E5 /* GTLUnitTests.xctest */,
				1BF049D81A66F698007125E5 /* DevelopmentTestTool */,
			);
			name = Products;
			sourceTree = "<group>";
		};
/* End PBXGroup section */

/* Begin PBXNativeTarget section */
		1B3E15DD195C8EA000DF7B16 /* ClassBoard */ = {
			isa = PBXNativeTarget;
			buildConfigurationList = 1B3E1610195C8EA000DF7B16 /* Build configuration list for PBXNativeTarget "ClassBoard" */;
			buildPhases = (
				1B3E15DA195C8EA000DF7B16 /* Sources */,
				1B3E15DB195C8EA000DF7B16 /* Frameworks */,
				1B3E15DC195C8EA000DF7B16 /* Resources */,
			);
			buildRules = (
			);
			dependencies = (
			);
			name = ClassBoard;
			productName = ClassBoard;
			productReference = 1B3E15DE195C8EA000DF7B16 /* ClassBoard.app */;
			productType = "com.apple.product-type.application";
		};
		1B3E15FE195C8EA000DF7B16 /* ClassBoardTests */ = {
			isa = PBXNativeTarget;
			buildConfigurationList = 1B3E1613195C8EA000DF7B16 /* Build configuration list for PBXNativeTarget "ClassBoardTests" */;
			buildPhases = (
				1B3E15FB195C8EA000DF7B16 /* Sources */,
				1B3E15FC195C8EA000DF7B16 /* Frameworks */,
				1B3E15FD195C8EA000DF7B16 /* Resources */,
			);
			buildRules = (
			);
			dependencies = (
				1B3E1605195C8EA000DF7B16 /* PBXTargetDependency */,
			);
			name = ClassBoardTests;
			productName = ClassBoardTests;
			productReference = 1B3E15FF195C8EA000DF7B16 /* ClassBoardTests.xctest */;
			productType = "com.apple.product-type.bundle.unit-test";
		};
/* End PBXNativeTarget section */

/* Begin PBXProject section */
		1B3E15D6195C8E9F00DF7B16 /* Project object */ = {
			isa = PBXProject;
			attributes = {
				CLASSPREFIX = Class;
				LastUpgradeCheck = 0510;
				ORGANIZATIONNAME = "Akhil Nambiar";
				TargetAttributes = {
					1B3E15FE195C8EA000DF7B16 = {
						TestTargetID = 1B3E15DD195C8EA000DF7B16;
					};
				};
			};
			buildConfigurationList = 1B3E15D9195C8E9F00DF7B16 /* Build configuration list for PBXProject "ClassBoard" */;
			compatibilityVersion = "Xcode 3.2";
			developmentRegion = English;
			hasScannedForEncodings = 0;
			knownRegions = (
				en,
				Base,
			);
			mainGroup = 1B3E15D5195C8E9F00DF7B16;
			productRefGroup = 1B3E15DF195C8EA000DF7B16 /* Products */;
			projectDirPath = "";
			projectReferences = (
				{
					ProductGroup = 1BF049CB1A66F68E007125E5 /* Products */;
					ProjectRef = 1BF049CA1A66F68E007125E5 /* GTL.xcodeproj */;
				},
			);
			projectRoot = "";
			targets = (
				1B3E15DD195C8EA000DF7B16 /* ClassBoard */,
				1B3E15FE195C8EA000DF7B16 /* ClassBoardTests */,
			);
		};
/* End PBXProject section */

/* Begin PBXReferenceProxy section */
		1BF049D21A66F698007125E5 /* GTL.framework */ = {
			isa = PBXReferenceProxy;
			fileType = wrapper.framework;
			path = GTL.framework;
			remoteRef = 1BF049D11A66F698007125E5 /* PBXContainerItemProxy */;
			sourceTree = BUILT_PRODUCTS_DIR;
		};
		1BF049D41A66F698007125E5 /* libGTLTouchStaticLib.a */ = {
			isa = PBXReferenceProxy;
			fileType = archive.ar;
			path = libGTLTouchStaticLib.a;
			remoteRef = 1BF049D31A66F698007125E5 /* PBXContainerItemProxy */;
			sourceTree = BUILT_PRODUCTS_DIR;
		};
		1BF049D61A66F698007125E5 /* GTLUnitTests.xctest */ = {
			isa = PBXReferenceProxy;
			fileType = wrapper.cfbundle;
			path = GTLUnitTests.xctest;
			remoteRef = 1BF049D51A66F698007125E5 /* PBXContainerItemProxy */;
			sourceTree = BUILT_PRODUCTS_DIR;
		};
		1BF049D81A66F698007125E5 /* DevelopmentTestTool */ = {
			isa = PBXReferenceProxy;
			fileType = "compiled.mach-o.executable";
			path = DevelopmentTestTool;
			remoteRef = 1BF049D71A66F698007125E5 /* PBXContainerItemProxy */;
			sourceTree = BUILT_PRODUCTS_DIR;
		};
/* End PBXReferenceProxy section */

/* Begin PBXResourcesBuildPhase section */
		1B3E15DC195C8EA000DF7B16 /* Resources */ = {
			isa = PBXResourcesBuildPhase;
			buildActionMask = 2147483647;
			files = (
				1B3E162D195CBAE500DF7B16 /* GTMOAuth2ViewTouch.xib in Resources */,
				1B3E15FA195C8EA000DF7B16 /* Images.xcassets in Resources */,
				1B3E15EC195C8EA000DF7B16 /* InfoPlist.strings in Resources */,
				1B3E15F5195C8EA000DF7B16 /* Main.storyboard in Resources */,
				1B3E1632195CD5C100DF7B16 /* nevis.ttf in Resources */,
				1B96522E1992BE950071DD05 /* walkway.ttf in Resources */,
			);
			runOnlyForDeploymentPostprocessing = 0;
		};
		1B3E15FD195C8EA000DF7B16 /* Resources */ = {
			isa = PBXResourcesBuildPhase;
			buildActionMask = 2147483647;
			files = (
				1B3E160B195C8EA000DF7B16 /* InfoPlist.strings in Resources */,
			);
			runOnlyForDeploymentPostprocessing = 0;
		};
/* End PBXResourcesBuildPhase section */

/* Begin PBXSourcesBuildPhase section */
		1B3E15DA195C8EA000DF7B16 /* Sources */ = {
			isa = PBXSourcesBuildPhase;
			buildActionMask = 2147483647;
			files = (
				1B9652351992CE0A0071DD05 /* TestControllerViewController.m in Sources */,
				1B169DE81960DAB200CDC9AA /* HandoutViewController.m in Sources */,
				1B42D2BF1A96F23E0049D05C /* SignupVC.m in Sources */,
				1B3E15EE195C8EA000DF7B16 /* main.m in Sources */,
				1B3E1630195CBB1100DF7B16 /* GTLDrive_Sources.m in Sources */,
				1B4F678919734A8400AC7CD3 /* DrEditUtilities.m in Sources */,
				1B3E1635195CD71000DF7B16 /* SplashPageViewController.m in Sources */,
				1B3E163E195CE9B200DF7B16 /* BoardViewController.m in Sources */,
				1BCDF68C1978EE3C007745AD /* SaveLocationViewController.m in Sources */,
				1B3E164F195CEC2700DF7B16 /* SmoothedBIView.m in Sources */,
				1B3E1647195CEA9600DF7B16 /* SRWebSocket.m in Sources */,
				1B169DE11960D66300CDC9AA /* ClassGroupsViewController.m in Sources */,
				1B3E15F2195C8EA000DF7B16 /* ClassAppDelegate.m in Sources */,
				1B3E15F8195C8EA000DF7B16 /* ClassViewController.m in Sources */,
				1B81ECBC197BBE0800789664 /* InvitesViewController.m in Sources */,
				1B8A8F6D1A9E5D3700C29491 /* DocumentVC.m in Sources */,
			);
			runOnlyForDeploymentPostprocessing = 0;
		};
		1B3E15FB195C8EA000DF7B16 /* Sources */ = {
			isa = PBXSourcesBuildPhase;
			buildActionMask = 2147483647;
			files = (
				1B3E160D195C8EA000DF7B16 /* ClassBoardTests.m in Sources */,
			);
			runOnlyForDeploymentPostprocessing = 0;
		};
/* End PBXSourcesBuildPhase section */

/* Begin PBXTargetDependency section */
		1B3E1605195C8EA000DF7B16 /* PBXTargetDependency */ = {
			isa = PBXTargetDependency;
			target = 1B3E15DD195C8EA000DF7B16 /* ClassBoard */;
			targetProxy = 1B3E1604195C8EA000DF7B16 /* PBXContainerItemProxy */;
		};
/* End PBXTargetDependency section */

/* Begin PBXVariantGroup section */
		1B3E15EA195C8EA000DF7B16 /* InfoPlist.strings */ = {
			isa = PBXVariantGroup;
			children = (
				1B3E15EB195C8EA000DF7B16 /* en */,
			);
			name = InfoPlist.strings;
			sourceTree = "<group>";
		};
		1B3E15F3195C8EA000DF7B16 /* Main.storyboard */ = {
			isa = PBXVariantGroup;
			children = (
				1B3E15F4195C8EA000DF7B16 /* Base */,
			);
			name = Main.storyboard;
			sourceTree = "<group>";
		};
		1B3E1609195C8EA000DF7B16 /* InfoPlist.strings */ = {
			isa = PBXVariantGroup;
			children = (
				1B3E160A195C8EA000DF7B16 /* en */,
			);
			name = InfoPlist.strings;
			sourceTree = "<group>";
		};
/* End PBXVariantGroup section */

/* Begin XCBuildConfiguration section */
		1B3E160E195C8EA000DF7B16 /* Debug */ = {
			isa = XCBuildConfiguration;
			buildSettings = {
				ALWAYS_SEARCH_USER_PATHS = NO;
				CLANG_CXX_LANGUAGE_STANDARD = "gnu++0x";
				CLANG_CXX_LIBRARY = "libc++";
				CLANG_ENABLE_MODULES = YES;
				CLANG_ENABLE_OBJC_ARC = YES;
				CLANG_WARN_BOOL_CONVERSION = YES;
				CLANG_WARN_CONSTANT_CONVERSION = YES;
				CLANG_WARN_DIRECT_OBJC_ISA_USAGE = YES_ERROR;
				CLANG_WARN_EMPTY_BODY = YES;
				CLANG_WARN_ENUM_CONVERSION = YES;
				CLANG_WARN_INT_CONVERSION = YES;
				CLANG_WARN_OBJC_ROOT_CLASS = YES_ERROR;
				CLANG_WARN__DUPLICATE_METHOD_MATCH = YES;
				"CODE_SIGN_IDENTITY[sdk=iphoneos*]" = "iPhone Developer";
				COPY_PHASE_STRIP = NO;
				GCC_C_LANGUAGE_STANDARD = gnu99;
				GCC_DYNAMIC_NO_PIC = NO;
				GCC_OPTIMIZATION_LEVEL = 0;
				GCC_PREPROCESSOR_DEFINITIONS = (
					"DEBUG=1",
					"$(inherited)",
				);
				GCC_SYMBOLS_PRIVATE_EXTERN = NO;
				GCC_WARN_64_TO_32_BIT_CONVERSION = YES;
				GCC_WARN_ABOUT_RETURN_TYPE = YES_ERROR;
				GCC_WARN_UNDECLARED_SELECTOR = YES;
				GCC_WARN_UNINITIALIZED_AUTOS = YES_AGGRESSIVE;
				GCC_WARN_UNUSED_FUNCTION = YES;
				GCC_WARN_UNUSED_VARIABLE = YES;
				IPHONEOS_DEPLOYMENT_TARGET = 7.1;
				ONLY_ACTIVE_ARCH = YES;
				SDKROOT = iphoneos;
				TARGETED_DEVICE_FAMILY = 2;
			};
			name = Debug;
		};
		1B3E160F195C8EA000DF7B16 /* Release */ = {
			isa = XCBuildConfiguration;
			buildSettings = {
				ALWAYS_SEARCH_USER_PATHS = NO;
				CLANG_CXX_LANGUAGE_STANDARD = "gnu++0x";
				CLANG_CXX_LIBRARY = "libc++";
				CLANG_ENABLE_MODULES = YES;
				CLANG_ENABLE_OBJC_ARC = YES;
				CLANG_WARN_BOOL_CONVERSION = YES;
				CLANG_WARN_CONSTANT_CONVERSION = YES;
				CLANG_WARN_DIRECT_OBJC_ISA_USAGE = YES_ERROR;
				CLANG_WARN_EMPTY_BODY = YES;
				CLANG_WARN_ENUM_CONVERSION = YES;
				CLANG_WARN_INT_CONVERSION = YES;
				CLANG_WARN_OBJC_ROOT_CLASS = YES_ERROR;
				CLANG_WARN__DUPLICATE_METHOD_MATCH = YES;
				"CODE_SIGN_IDENTITY[sdk=iphoneos*]" = "iPhone Developer";
				COPY_PHASE_STRIP = YES;
				ENABLE_NS_ASSERTIONS = NO;
				GCC_C_LANGUAGE_STANDARD = gnu99;
				GCC_WARN_64_TO_32_BIT_CONVERSION = YES;
				GCC_WARN_ABOUT_RETURN_TYPE = YES_ERROR;
				GCC_WARN_UNDECLARED_SELECTOR = YES;
				GCC_WARN_UNINITIALIZED_AUTOS = YES_AGGRESSIVE;
				GCC_WARN_UNUSED_FUNCTION = YES;
				GCC_WARN_UNUSED_VARIABLE = YES;
				IPHONEOS_DEPLOYMENT_TARGET = 7.1;
				SDKROOT = iphoneos;
				TARGETED_DEVICE_FAMILY = 2;
				VALIDATE_PRODUCT = YES;
			};
			name = Release;
		};
		1B3E1611195C8EA000DF7B16 /* Debug */ = {
			isa = XCBuildConfiguration;
			buildSettings = {
				ASSETCATALOG_COMPILER_APPICON_NAME = AppIcon;
				ASSETCATALOG_COMPILER_LAUNCHIMAGE_NAME = LaunchImage;
				GCC_PRECOMPILE_PREFIX_HEADER = YES;
				GCC_PREFIX_HEADER = "ClassBoard/ClassBoard-Prefix.pch";
				INFOPLIST_FILE = "ClassBoard/ClassBoard-Info.plist";
				"OTHER_LDFLAGS[arch=*]" = (
					"-ObjC",
					"-all_load",
				);
				PRODUCT_NAME = "$(TARGET_NAME)";
				USER_HEADER_SEARCH_PATHS = "<Multiple/** values>/**";
				"USER_HEADER_SEARCH_PATHS[arch=*]" = "/Users/akhilnambiar/Documents/Github/Whiteboard/Classboard/google-api-objectivec-client-read-only/Source/**";
				WRAPPER_EXTENSION = app;
			};
			name = Debug;
		};
		1B3E1612195C8EA000DF7B16 /* Release */ = {
			isa = XCBuildConfiguration;
			buildSettings = {
				ASSETCATALOG_COMPILER_APPICON_NAME = AppIcon;
				ASSETCATALOG_COMPILER_LAUNCHIMAGE_NAME = LaunchImage;
				GCC_PRECOMPILE_PREFIX_HEADER = YES;
				GCC_PREFIX_HEADER = "ClassBoard/ClassBoard-Prefix.pch";
				INFOPLIST_FILE = "ClassBoard/ClassBoard-Info.plist";
				"OTHER_LDFLAGS[arch=*]" = (
					"-ObjC",
					"-all_load",
				);
				PRODUCT_NAME = "$(TARGET_NAME)";
				USER_HEADER_SEARCH_PATHS = "<Multiple/** values>/**";
				"USER_HEADER_SEARCH_PATHS[arch=*]" = "/Users/akhilnambiar/Documents/Github/Whiteboard/Classboard/google-api-objectivec-client-read-only/Source/**";
				WRAPPER_EXTENSION = app;
			};
			name = Release;
		};
		1B3E1614195C8EA000DF7B16 /* Debug */ = {
			isa = XCBuildConfiguration;
			buildSettings = {
				BUNDLE_LOADER = "$(BUILT_PRODUCTS_DIR)/ClassBoard.app/ClassBoard";
				FRAMEWORK_SEARCH_PATHS = (
					"$(SDKROOT)/Developer/Library/Frameworks",
					"$(inherited)",
					"$(DEVELOPER_FRAMEWORKS_DIR)",
				);
				GCC_PRECOMPILE_PREFIX_HEADER = YES;
				GCC_PREFIX_HEADER = "ClassBoard/ClassBoard-Prefix.pch";
				GCC_PREPROCESSOR_DEFINITIONS = (
					"DEBUG=1",
					"$(inherited)",
				);
				INFOPLIST_FILE = "ClassBoardTests/ClassBoardTests-Info.plist";
				PRODUCT_NAME = "$(TARGET_NAME)";
				TEST_HOST = "$(BUNDLE_LOADER)";
				WRAPPER_EXTENSION = xctest;
			};
			name = Debug;
		};
		1B3E1615195C8EA000DF7B16 /* Release */ = {
			isa = XCBuildConfiguration;
			buildSettings = {
				BUNDLE_LOADER = "$(BUILT_PRODUCTS_DIR)/ClassBoard.app/ClassBoard";
				FRAMEWORK_SEARCH_PATHS = (
					"$(SDKROOT)/Developer/Library/Frameworks",
					"$(inherited)",
					"$(DEVELOPER_FRAMEWORKS_DIR)",
				);
				GCC_PRECOMPILE_PREFIX_HEADER = YES;
				GCC_PREFIX_HEADER = "ClassBoard/ClassBoard-Prefix.pch";
				INFOPLIST_FILE = "ClassBoardTests/ClassBoardTests-Info.plist";
				PRODUCT_NAME = "$(TARGET_NAME)";
				TEST_HOST = "$(BUNDLE_LOADER)";
				WRAPPER_EXTENSION = xctest;
			};
			name = Release;
		};
/* End XCBuildConfiguration section */

/* Begin XCConfigurationList section */
		1B3E15D9195C8E9F00DF7B16 /* Build configuration list for PBXProject "ClassBoard" */ = {
			isa = XCConfigurationList;
			buildConfigurations = (
				1B3E160E195C8EA000DF7B16 /* Debug */,
				1B3E160F195C8EA000DF7B16 /* Release */,
			);
			defaultConfigurationIsVisible = 0;
			defaultConfigurationName = Release;
		};
		1B3E1610195C8EA000DF7B16 /* Build configuration list for PBXNativeTarget "ClassBoard" */ = {
			isa = XCConfigurationList;
			buildConfigurations = (
				1B3E1611195C8EA000DF7B16 /* Debug */,
				1B3E1612195C8EA000DF7B16 /* Release */,
			);
			defaultConfigurationIsVisible = 0;
			defaultConfigurationName = Release;
		};
		1B3E1613195C8EA000DF7B16 /* Build configuration list for PBXNativeTarget "ClassBoardTests" */ = {
			isa = XCConfigurationList;
			buildConfigurations = (
				1B3E1614195C8EA000DF7B16 /* Debug */,
				1B3E1615195C8EA000DF7B16 /* Release */,
			);
			defaultConfigurationIsVisible = 0;
			defaultConfigurationName = Release;
		};
/* End XCConfigurationList section */
	};
	rootObject = 1B3E15D6195C8E9F00DF7B16 /* Project object */;
}
