// !$*UTF8*$!
{
	archiveVersion = 1;
	classes = {
	};
	objectVersion = 46;
	objects = {

/* Begin PBXBuildFile section */
		1B4E9253193BEBDF00048EBE /* WebUIViewController.m in Sources */ = {isa = PBXBuildFile; fileRef = 1B4E9252193BEBDF00048EBE /* WebUIViewController.m */; };
		1B654D20193A98CD001D1B19 /* Foundation.framework in Frameworks */ = {isa = PBXBuildFile; fileRef = 1B654D1F193A98CD001D1B19 /* Foundation.framework */; };
		1B654D22193A98CD001D1B19 /* CoreGraphics.framework in Frameworks */ = {isa = PBXBuildFile; fileRef = 1B654D21193A98CD001D1B19 /* CoreGraphics.framework */; };
		1B654D24193A98CD001D1B19 /* UIKit.framework in Frameworks */ = {isa = PBXBuildFile; fileRef = 1B654D23193A98CD001D1B19 /* UIKit.framework */; };
		1B654D2A193A98CD001D1B19 /* InfoPlist.strings in Resources */ = {isa = PBXBuildFile; fileRef = 1B654D28193A98CD001D1B19 /* InfoPlist.strings */; };
		1B654D2C193A98CD001D1B19 /* main.m in Sources */ = {isa = PBXBuildFile; fileRef = 1B654D2B193A98CD001D1B19 /* main.m */; };
		1B654D30193A98CD001D1B19 /* GoogleLoginAppDelegate.m in Sources */ = {isa = PBXBuildFile; fileRef = 1B654D2F193A98CD001D1B19 /* GoogleLoginAppDelegate.m */; };
		1B654D33193A98CD001D1B19 /* Main.storyboard in Resources */ = {isa = PBXBuildFile; fileRef = 1B654D31193A98CD001D1B19 /* Main.storyboard */; };
		1B654D36193A98CD001D1B19 /* GoogleLoginViewController.m in Sources */ = {isa = PBXBuildFile; fileRef = 1B654D35193A98CD001D1B19 /* GoogleLoginViewController.m */; };
		1B654D38193A98CD001D1B19 /* Images.xcassets in Resources */ = {isa = PBXBuildFile; fileRef = 1B654D37193A98CD001D1B19 /* Images.xcassets */; };
		1B654D3F193A98CE001D1B19 /* XCTest.framework in Frameworks */ = {isa = PBXBuildFile; fileRef = 1B654D3E193A98CE001D1B19 /* XCTest.framework */; };
		1B654D40193A98CE001D1B19 /* Foundation.framework in Frameworks */ = {isa = PBXBuildFile; fileRef = 1B654D1F193A98CD001D1B19 /* Foundation.framework */; };
		1B654D41193A98CE001D1B19 /* UIKit.framework in Frameworks */ = {isa = PBXBuildFile; fileRef = 1B654D23193A98CD001D1B19 /* UIKit.framework */; };
		1B654D49193A98CE001D1B19 /* InfoPlist.strings in Resources */ = {isa = PBXBuildFile; fileRef = 1B654D47193A98CE001D1B19 /* InfoPlist.strings */; };
		1B654D4B193A98CE001D1B19 /* GoogleLoginTests.m in Sources */ = {isa = PBXBuildFile; fileRef = 1B654D4A193A98CE001D1B19 /* GoogleLoginTests.m */; };
		1B88D251193D92E000F86390 /* GoogleOAuth.m in Sources */ = {isa = PBXBuildFile; fileRef = 1B88D250193D92E000F86390 /* GoogleOAuth.m */; };
/* End PBXBuildFile section */

/* Begin PBXContainerItemProxy section */
		1B654D42193A98CE001D1B19 /* PBXContainerItemProxy */ = {
			isa = PBXContainerItemProxy;
			containerPortal = 1B654D14193A98CD001D1B19 /* Project object */;
			proxyType = 1;
			remoteGlobalIDString = 1B654D1B193A98CD001D1B19;
			remoteInfo = GoogleLogin;
		};
		1B8F636E19579B5400F4EB84 /* PBXContainerItemProxy */ = {
			isa = PBXContainerItemProxy;
			containerPortal = 1B8F636719579B5300F4EB84 /* GTL.xcodeproj */;
			proxyType = 2;
			remoteGlobalIDString = 4F38F6A60B66E91D00B24B81;
			remoteInfo = GTLFramework;
		};
		1B8F637019579B5400F4EB84 /* PBXContainerItemProxy */ = {
			isa = PBXContainerItemProxy;
			containerPortal = 1B8F636719579B5300F4EB84 /* GTL.xcodeproj */;
			proxyType = 2;
			remoteGlobalIDString = 4F12027C11A4CA2F00BEB470;
			remoteInfo = GTLTouchStaticLib;
		};
		1B8F637219579B5400F4EB84 /* PBXContainerItemProxy */ = {
			isa = PBXContainerItemProxy;
			containerPortal = 1B8F636719579B5300F4EB84 /* GTL.xcodeproj */;
			proxyType = 2;
			remoteGlobalIDString = 4F12027D11A4CA2F00BEB470;
			remoteInfo = GTLUnitTests;
		};
		1B8F637419579B5400F4EB84 /* PBXContainerItemProxy */ = {
			isa = PBXContainerItemProxy;
			containerPortal = 1B8F636719579B5300F4EB84 /* GTL.xcodeproj */;
			proxyType = 2;
			remoteGlobalIDString = 4F1AD9020B71603F00DC0485;
			remoteInfo = DevelopmentTestTool;
		};
/* End PBXContainerItemProxy section */

/* Begin PBXFileReference section */
		1B4E9251193BEBDF00048EBE /* WebUIViewController.h */ = {isa = PBXFileReference; fileEncoding = 4; lastKnownFileType = sourcecode.c.h; path = WebUIViewController.h; sourceTree = "<group>"; };
		1B4E9252193BEBDF00048EBE /* WebUIViewController.m */ = {isa = PBXFileReference; fileEncoding = 4; lastKnownFileType = sourcecode.c.objc; path = WebUIViewController.m; sourceTree = "<group>"; };
		1B654D1C193A98CD001D1B19 /* GoogleLogin.app */ = {isa = PBXFileReference; explicitFileType = wrapper.application; includeInIndex = 0; path = GoogleLogin.app; sourceTree = BUILT_PRODUCTS_DIR; };
		1B654D1F193A98CD001D1B19 /* Foundation.framework */ = {isa = PBXFileReference; lastKnownFileType = wrapper.framework; name = Foundation.framework; path = System/Library/Frameworks/Foundation.framework; sourceTree = SDKROOT; };
		1B654D21193A98CD001D1B19 /* CoreGraphics.framework */ = {isa = PBXFileReference; lastKnownFileType = wrapper.framework; name = CoreGraphics.framework; path = System/Library/Frameworks/CoreGraphics.framework; sourceTree = SDKROOT; };
		1B654D23193A98CD001D1B19 /* UIKit.framework */ = {isa = PBXFileReference; lastKnownFileType = wrapper.framework; name = UIKit.framework; path = System/Library/Frameworks/UIKit.framework; sourceTree = SDKROOT; };
		1B654D27193A98CD001D1B19 /* GoogleLogin-Info.plist */ = {isa = PBXFileReference; lastKnownFileType = text.plist.xml; path = "GoogleLogin-Info.plist"; sourceTree = "<group>"; };
		1B654D29193A98CD001D1B19 /* en */ = {isa = PBXFileReference; lastKnownFileType = text.plist.strings; name = en; path = en.lproj/InfoPlist.strings; sourceTree = "<group>"; };
		1B654D2B193A98CD001D1B19 /* main.m */ = {isa = PBXFileReference; lastKnownFileType = sourcecode.c.objc; path = main.m; sourceTree = "<group>"; };
		1B654D2D193A98CD001D1B19 /* GoogleLogin-Prefix.pch */ = {isa = PBXFileReference; lastKnownFileType = sourcecode.c.h; path = "GoogleLogin-Prefix.pch"; sourceTree = "<group>"; };
		1B654D2E193A98CD001D1B19 /* GoogleLoginAppDelegate.h */ = {isa = PBXFileReference; lastKnownFileType = sourcecode.c.h; path = GoogleLoginAppDelegate.h; sourceTree = "<group>"; };
		1B654D2F193A98CD001D1B19 /* GoogleLoginAppDelegate.m */ = {isa = PBXFileReference; lastKnownFileType = sourcecode.c.objc; path = GoogleLoginAppDelegate.m; sourceTree = "<group>"; };
		1B654D32193A98CD001D1B19 /* Base */ = {isa = PBXFileReference; lastKnownFileType = file.storyboard; name = Base; path = Base.lproj/Main.storyboard; sourceTree = "<group>"; };
		1B654D34193A98CD001D1B19 /* GoogleLoginViewController.h */ = {isa = PBXFileReference; lastKnownFileType = sourcecode.c.h; path = GoogleLoginViewController.h; sourceTree = "<group>"; };
		1B654D35193A98CD001D1B19 /* GoogleLoginViewController.m */ = {isa = PBXFileReference; lastKnownFileType = sourcecode.c.objc; path = GoogleLoginViewController.m; sourceTree = "<group>"; };
		1B654D37193A98CD001D1B19 /* Images.xcassets */ = {isa = PBXFileReference; lastKnownFileType = folder.assetcatalog; path = Images.xcassets; sourceTree = "<group>"; };
		1B654D3D193A98CE001D1B19 /* GoogleLoginTests.xctest */ = {isa = PBXFileReference; explicitFileType = wrapper.cfbundle; includeInIndex = 0; path = GoogleLoginTests.xctest; sourceTree = BUILT_PRODUCTS_DIR; };
		1B654D3E193A98CE001D1B19 /* XCTest.framework */ = {isa = PBXFileReference; lastKnownFileType = wrapper.framework; name = XCTest.framework; path = Library/Frameworks/XCTest.framework; sourceTree = DEVELOPER_DIR; };
		1B654D46193A98CE001D1B19 /* GoogleLoginTests-Info.plist */ = {isa = PBXFileReference; lastKnownFileType = text.plist.xml; path = "GoogleLoginTests-Info.plist"; sourceTree = "<group>"; };
		1B654D48193A98CE001D1B19 /* en */ = {isa = PBXFileReference; lastKnownFileType = text.plist.strings; name = en; path = en.lproj/InfoPlist.strings; sourceTree = "<group>"; };
		1B654D4A193A98CE001D1B19 /* GoogleLoginTests.m */ = {isa = PBXFileReference; lastKnownFileType = sourcecode.c.objc; path = GoogleLoginTests.m; sourceTree = "<group>"; };
		1B88D24F193D92E000F86390 /* GoogleOAuth.h */ = {isa = PBXFileReference; fileEncoding = 4; lastKnownFileType = sourcecode.c.h; path = GoogleOAuth.h; sourceTree = "<group>"; };
		1B88D250193D92E000F86390 /* GoogleOAuth.m */ = {isa = PBXFileReference; fileEncoding = 4; lastKnownFileType = sourcecode.c.objc; path = GoogleOAuth.m; sourceTree = "<group>"; };
		1B8F636719579B5300F4EB84 /* GTL.xcodeproj */ = {isa = PBXFileReference; lastKnownFileType = "wrapper.pb-project"; name = GTL.xcodeproj; path = "../../../../google-api-objectivec-client-read-only/Source/GTL.xcodeproj"; sourceTree = "<group>"; };
/* End PBXFileReference section */

/* Begin PBXFrameworksBuildPhase section */
		1B654D19193A98CD001D1B19 /* Frameworks */ = {
			isa = PBXFrameworksBuildPhase;
			buildActionMask = 2147483647;
			files = (
				1B654D22193A98CD001D1B19 /* CoreGraphics.framework in Frameworks */,
				1B654D24193A98CD001D1B19 /* UIKit.framework in Frameworks */,
				1B654D20193A98CD001D1B19 /* Foundation.framework in Frameworks */,
			);
			runOnlyForDeploymentPostprocessing = 0;
		};
		1B654D3A193A98CE001D1B19 /* Frameworks */ = {
			isa = PBXFrameworksBuildPhase;
			buildActionMask = 2147483647;
			files = (
				1B654D3F193A98CE001D1B19 /* XCTest.framework in Frameworks */,
				1B654D41193A98CE001D1B19 /* UIKit.framework in Frameworks */,
				1B654D40193A98CE001D1B19 /* Foundation.framework in Frameworks */,
			);
			runOnlyForDeploymentPostprocessing = 0;
		};
/* End PBXFrameworksBuildPhase section */

/* Begin PBXGroup section */
		1B654D13193A98CD001D1B19 = {
			isa = PBXGroup;
			children = (
				1B654D25193A98CD001D1B19 /* GoogleLogin */,
				1B654D44193A98CE001D1B19 /* GoogleLoginTests */,
				1B654D1E193A98CD001D1B19 /* Frameworks */,
				1B654D1D193A98CD001D1B19 /* Products */,
				1B8F636719579B5300F4EB84 /* GTL.xcodeproj */,
			);
			sourceTree = "<group>";
		};
		1B654D1D193A98CD001D1B19 /* Products */ = {
			isa = PBXGroup;
			children = (
				1B654D1C193A98CD001D1B19 /* GoogleLogin.app */,
				1B654D3D193A98CE001D1B19 /* GoogleLoginTests.xctest */,
			);
			name = Products;
			sourceTree = "<group>";
		};
		1B654D1E193A98CD001D1B19 /* Frameworks */ = {
			isa = PBXGroup;
			children = (
				1B654D1F193A98CD001D1B19 /* Foundation.framework */,
				1B654D21193A98CD001D1B19 /* CoreGraphics.framework */,
				1B654D23193A98CD001D1B19 /* UIKit.framework */,
				1B654D3E193A98CE001D1B19 /* XCTest.framework */,
			);
			name = Frameworks;
			sourceTree = "<group>";
		};
		1B654D25193A98CD001D1B19 /* GoogleLogin */ = {
			isa = PBXGroup;
			children = (
				1B654D2E193A98CD001D1B19 /* GoogleLoginAppDelegate.h */,
				1B654D2F193A98CD001D1B19 /* GoogleLoginAppDelegate.m */,
				1B654D31193A98CD001D1B19 /* Main.storyboard */,
				1B88D24F193D92E000F86390 /* GoogleOAuth.h */,
				1B88D250193D92E000F86390 /* GoogleOAuth.m */,
				1B4E9251193BEBDF00048EBE /* WebUIViewController.h */,
				1B4E9252193BEBDF00048EBE /* WebUIViewController.m */,
				1B654D34193A98CD001D1B19 /* GoogleLoginViewController.h */,
				1B654D35193A98CD001D1B19 /* GoogleLoginViewController.m */,
				1B654D37193A98CD001D1B19 /* Images.xcassets */,
				1B654D26193A98CD001D1B19 /* Supporting Files */,
			);
			path = GoogleLogin;
			sourceTree = "<group>";
		};
		1B654D26193A98CD001D1B19 /* Supporting Files */ = {
			isa = PBXGroup;
			children = (
				1B654D27193A98CD001D1B19 /* GoogleLogin-Info.plist */,
				1B654D28193A98CD001D1B19 /* InfoPlist.strings */,
				1B654D2B193A98CD001D1B19 /* main.m */,
				1B654D2D193A98CD001D1B19 /* GoogleLogin-Prefix.pch */,
			);
			name = "Supporting Files";
			sourceTree = "<group>";
		};
		1B654D44193A98CE001D1B19 /* GoogleLoginTests */ = {
			isa = PBXGroup;
			children = (
				1B654D4A193A98CE001D1B19 /* GoogleLoginTests.m */,
				1B654D45193A98CE001D1B19 /* Supporting Files */,
			);
			path = GoogleLoginTests;
			sourceTree = "<group>";
		};
		1B654D45193A98CE001D1B19 /* Supporting Files */ = {
			isa = PBXGroup;
			children = (
				1B654D46193A98CE001D1B19 /* GoogleLoginTests-Info.plist */,
				1B654D47193A98CE001D1B19 /* InfoPlist.strings */,
			);
			name = "Supporting Files";
			sourceTree = "<group>";
		};
		1B8F636819579B5300F4EB84 /* Products */ = {
			isa = PBXGroup;
			children = (
				1B8F636F19579B5400F4EB84 /* GTL.framework */,
				1B8F637119579B5400F4EB84 /* libGTLTouchStaticLib.a */,
				1B8F637319579B5400F4EB84 /* GTLUnitTests.xctest */,
				1B8F637519579B5400F4EB84 /* DevelopmentTestTool */,
			);
			name = Products;
			sourceTree = "<group>";
		};
/* End PBXGroup section */

/* Begin PBXNativeTarget section */
		1B654D1B193A98CD001D1B19 /* GoogleLogin */ = {
			isa = PBXNativeTarget;
			buildConfigurationList = 1B654D4E193A98CE001D1B19 /* Build configuration list for PBXNativeTarget "GoogleLogin" */;
			buildPhases = (
				1B654D18193A98CD001D1B19 /* Sources */,
				1B654D19193A98CD001D1B19 /* Frameworks */,
				1B654D1A193A98CD001D1B19 /* Resources */,
			);
			buildRules = (
			);
			dependencies = (
			);
			name = GoogleLogin;
			productName = GoogleLogin;
			productReference = 1B654D1C193A98CD001D1B19 /* GoogleLogin.app */;
			productType = "com.apple.product-type.application";
		};
		1B654D3C193A98CE001D1B19 /* GoogleLoginTests */ = {
			isa = PBXNativeTarget;
			buildConfigurationList = 1B654D51193A98CE001D1B19 /* Build configuration list for PBXNativeTarget "GoogleLoginTests" */;
			buildPhases = (
				1B654D39193A98CE001D1B19 /* Sources */,
				1B654D3A193A98CE001D1B19 /* Frameworks */,
				1B654D3B193A98CE001D1B19 /* Resources */,
			);
			buildRules = (
			);
			dependencies = (
				1B654D43193A98CE001D1B19 /* PBXTargetDependency */,
			);
			name = GoogleLoginTests;
			productName = GoogleLoginTests;
			productReference = 1B654D3D193A98CE001D1B19 /* GoogleLoginTests.xctest */;
			productType = "com.apple.product-type.bundle.unit-test";
		};
/* End PBXNativeTarget section */

/* Begin PBXProject section */
		1B654D14193A98CD001D1B19 /* Project object */ = {
			isa = PBXProject;
			attributes = {
				CLASSPREFIX = GoogleLogin;
				LastUpgradeCheck = 0510;
				ORGANIZATIONNAME = "Akhil Nambiar";
				TargetAttributes = {
					1B654D3C193A98CE001D1B19 = {
						TestTargetID = 1B654D1B193A98CD001D1B19;
					};
				};
			};
			buildConfigurationList = 1B654D17193A98CD001D1B19 /* Build configuration list for PBXProject "GoogleLogin" */;
			compatibilityVersion = "Xcode 3.2";
			developmentRegion = English;
			hasScannedForEncodings = 0;
			knownRegions = (
				en,
				Base,
			);
			mainGroup = 1B654D13193A98CD001D1B19;
			productRefGroup = 1B654D1D193A98CD001D1B19 /* Products */;
			projectDirPath = "";
			projectReferences = (
				{
					ProductGroup = 1B8F636819579B5300F4EB84 /* Products */;
					ProjectRef = 1B8F636719579B5300F4EB84 /* GTL.xcodeproj */;
				},
			);
			projectRoot = "";
			targets = (
				1B654D1B193A98CD001D1B19 /* GoogleLogin */,
				1B654D3C193A98CE001D1B19 /* GoogleLoginTests */,
			);
		};
/* End PBXProject section */

/* Begin PBXReferenceProxy section */
		1B8F636F19579B5400F4EB84 /* GTL.framework */ = {
			isa = PBXReferenceProxy;
			fileType = wrapper.framework;
			path = GTL.framework;
			remoteRef = 1B8F636E19579B5400F4EB84 /* PBXContainerItemProxy */;
			sourceTree = BUILT_PRODUCTS_DIR;
		};
		1B8F637119579B5400F4EB84 /* libGTLTouchStaticLib.a */ = {
			isa = PBXReferenceProxy;
			fileType = archive.ar;
			path = libGTLTouchStaticLib.a;
			remoteRef = 1B8F637019579B5400F4EB84 /* PBXContainerItemProxy */;
			sourceTree = BUILT_PRODUCTS_DIR;
		};
		1B8F637319579B5400F4EB84 /* GTLUnitTests.xctest */ = {
			isa = PBXReferenceProxy;
			fileType = wrapper.cfbundle;
			path = GTLUnitTests.xctest;
			remoteRef = 1B8F637219579B5400F4EB84 /* PBXContainerItemProxy */;
			sourceTree = BUILT_PRODUCTS_DIR;
		};
		1B8F637519579B5400F4EB84 /* DevelopmentTestTool */ = {
			isa = PBXReferenceProxy;
			fileType = "compiled.mach-o.executable";
			path = DevelopmentTestTool;
			remoteRef = 1B8F637419579B5400F4EB84 /* PBXContainerItemProxy */;
			sourceTree = BUILT_PRODUCTS_DIR;
		};
/* End PBXReferenceProxy section */

/* Begin PBXResourcesBuildPhase section */
		1B654D1A193A98CD001D1B19 /* Resources */ = {
			isa = PBXResourcesBuildPhase;
			buildActionMask = 2147483647;
			files = (
				1B654D38193A98CD001D1B19 /* Images.xcassets in Resources */,
				1B654D2A193A98CD001D1B19 /* InfoPlist.strings in Resources */,
				1B654D33193A98CD001D1B19 /* Main.storyboard in Resources */,
			);
			runOnlyForDeploymentPostprocessing = 0;
		};
		1B654D3B193A98CE001D1B19 /* Resources */ = {
			isa = PBXResourcesBuildPhase;
			buildActionMask = 2147483647;
			files = (
				1B654D49193A98CE001D1B19 /* InfoPlist.strings in Resources */,
			);
			runOnlyForDeploymentPostprocessing = 0;
		};
/* End PBXResourcesBuildPhase section */

/* Begin PBXSourcesBuildPhase section */
		1B654D18193A98CD001D1B19 /* Sources */ = {
			isa = PBXSourcesBuildPhase;
			buildActionMask = 2147483647;
			files = (
				1B654D36193A98CD001D1B19 /* GoogleLoginViewController.m in Sources */,
				1B654D2C193A98CD001D1B19 /* main.m in Sources */,
				1B654D30193A98CD001D1B19 /* GoogleLoginAppDelegate.m in Sources */,
				1B4E9253193BEBDF00048EBE /* WebUIViewController.m in Sources */,
				1B88D251193D92E000F86390 /* GoogleOAuth.m in Sources */,
			);
			runOnlyForDeploymentPostprocessing = 0;
		};
		1B654D39193A98CE001D1B19 /* Sources */ = {
			isa = PBXSourcesBuildPhase;
			buildActionMask = 2147483647;
			files = (
				1B654D4B193A98CE001D1B19 /* GoogleLoginTests.m in Sources */,
			);
			runOnlyForDeploymentPostprocessing = 0;
		};
/* End PBXSourcesBuildPhase section */

/* Begin PBXTargetDependency section */
		1B654D43193A98CE001D1B19 /* PBXTargetDependency */ = {
			isa = PBXTargetDependency;
			target = 1B654D1B193A98CD001D1B19 /* GoogleLogin */;
			targetProxy = 1B654D42193A98CE001D1B19 /* PBXContainerItemProxy */;
		};
/* End PBXTargetDependency section */

/* Begin PBXVariantGroup section */
		1B654D28193A98CD001D1B19 /* InfoPlist.strings */ = {
			isa = PBXVariantGroup;
			children = (
				1B654D29193A98CD001D1B19 /* en */,
			);
			name = InfoPlist.strings;
			sourceTree = "<group>";
		};
		1B654D31193A98CD001D1B19 /* Main.storyboard */ = {
			isa = PBXVariantGroup;
			children = (
				1B654D32193A98CD001D1B19 /* Base */,
			);
			name = Main.storyboard;
			sourceTree = "<group>";
		};
		1B654D47193A98CE001D1B19 /* InfoPlist.strings */ = {
			isa = PBXVariantGroup;
			children = (
				1B654D48193A98CE001D1B19 /* en */,
			);
			name = InfoPlist.strings;
			sourceTree = "<group>";
		};
/* End PBXVariantGroup section */

/* Begin XCBuildConfiguration section */
		1B654D4C193A98CE001D1B19 /* Debug */ = {
			isa = XCBuildConfiguration;
			buildSettings = {
				ALWAYS_SEARCH_USER_PATHS = NO;
				CLANG_CXX_LANGUAGE_STANDARD = "gnu++0x";
				CLANG_CXX_LIBRARY = "libc++";
				CLANG_ENABLE_MODULES = YES;
				CLANG_ENABLE_OBJC_ARC = YES;
				CLANG_WARN_BOOL_CONVERSION = YES;
				CLANG_WARN_CONSTANT_CONVERSION = YES;
				CLANG_WARN_DIRECT_OBJC_ISA_USAGE = YES_ERROR;
				CLANG_WARN_EMPTY_BODY = YES;
				CLANG_WARN_ENUM_CONVERSION = YES;
				CLANG_WARN_INT_CONVERSION = YES;
				CLANG_WARN_OBJC_ROOT_CLASS = YES_ERROR;
				CLANG_WARN__DUPLICATE_METHOD_MATCH = YES;
				"CODE_SIGN_IDENTITY[sdk=iphoneos*]" = "iPhone Developer";
				COPY_PHASE_STRIP = NO;
				GCC_C_LANGUAGE_STANDARD = gnu99;
				GCC_DYNAMIC_NO_PIC = NO;
				GCC_OPTIMIZATION_LEVEL = 0;
				GCC_PREPROCESSOR_DEFINITIONS = (
					"DEBUG=1",
					"$(inherited)",
				);
				GCC_SYMBOLS_PRIVATE_EXTERN = NO;
				GCC_WARN_64_TO_32_BIT_CONVERSION = YES;
				GCC_WARN_ABOUT_RETURN_TYPE = YES_ERROR;
				GCC_WARN_UNDECLARED_SELECTOR = YES;
				GCC_WARN_UNINITIALIZED_AUTOS = YES_AGGRESSIVE;
				GCC_WARN_UNUSED_FUNCTION = YES;
				GCC_WARN_UNUSED_VARIABLE = YES;
				IPHONEOS_DEPLOYMENT_TARGET = 7.1;
				ONLY_ACTIVE_ARCH = YES;
				SDKROOT = iphoneos;
				TARGETED_DEVICE_FAMILY = 2;
			};
			name = Debug;
		};
		1B654D4D193A98CE001D1B19 /* Release */ = {
			isa = XCBuildConfiguration;
			buildSettings = {
				ALWAYS_SEARCH_USER_PATHS = NO;
				CLANG_CXX_LANGUAGE_STANDARD = "gnu++0x";
				CLANG_CXX_LIBRARY = "libc++";
				CLANG_ENABLE_MODULES = YES;
				CLANG_ENABLE_OBJC_ARC = YES;
				CLANG_WARN_BOOL_CONVERSION = YES;
				CLANG_WARN_CONSTANT_CONVERSION = YES;
				CLANG_WARN_DIRECT_OBJC_ISA_USAGE = YES_ERROR;
				CLANG_WARN_EMPTY_BODY = YES;
				CLANG_WARN_ENUM_CONVERSION = YES;
				CLANG_WARN_INT_CONVERSION = YES;
				CLANG_WARN_OBJC_ROOT_CLASS = YES_ERROR;
				CLANG_WARN__DUPLICATE_METHOD_MATCH = YES;
				"CODE_SIGN_IDENTITY[sdk=iphoneos*]" = "iPhone Developer";
				COPY_PHASE_STRIP = YES;
				ENABLE_NS_ASSERTIONS = NO;
				GCC_C_LANGUAGE_STANDARD = gnu99;
				GCC_WARN_64_TO_32_BIT_CONVERSION = YES;
				GCC_WARN_ABOUT_RETURN_TYPE = YES_ERROR;
				GCC_WARN_UNDECLARED_SELECTOR = YES;
				GCC_WARN_UNINITIALIZED_AUTOS = YES_AGGRESSIVE;
				GCC_WARN_UNUSED_FUNCTION = YES;
				GCC_WARN_UNUSED_VARIABLE = YES;
				IPHONEOS_DEPLOYMENT_TARGET = 7.1;
				SDKROOT = iphoneos;
				TARGETED_DEVICE_FAMILY = 2;
				VALIDATE_PRODUCT = YES;
			};
			name = Release;
		};
		1B654D4F193A98CE001D1B19 /* Debug */ = {
			isa = XCBuildConfiguration;
			buildSettings = {
				ASSETCATALOG_COMPILER_APPICON_NAME = AppIcon;
				ASSETCATALOG_COMPILER_LAUNCHIMAGE_NAME = LaunchImage;
				GCC_PRECOMPILE_PREFIX_HEADER = YES;
				GCC_PREFIX_HEADER = "GoogleLogin/GoogleLogin-Prefix.pch";
				INFOPLIST_FILE = "GoogleLogin/GoogleLogin-Info.plist";
				PRODUCT_NAME = "$(TARGET_NAME)";
				WRAPPER_EXTENSION = app;
			};
			name = Debug;
		};
		1B654D50193A98CE001D1B19 /* Release */ = {
			isa = XCBuildConfiguration;
			buildSettings = {
				ASSETCATALOG_COMPILER_APPICON_NAME = AppIcon;
				ASSETCATALOG_COMPILER_LAUNCHIMAGE_NAME = LaunchImage;
				GCC_PRECOMPILE_PREFIX_HEADER = YES;
				GCC_PREFIX_HEADER = "GoogleLogin/GoogleLogin-Prefix.pch";
				INFOPLIST_FILE = "GoogleLogin/GoogleLogin-Info.plist";
				PRODUCT_NAME = "$(TARGET_NAME)";
				WRAPPER_EXTENSION = app;
			};
			name = Release;
		};
		1B654D52193A98CE001D1B19 /* Debug */ = {
			isa = XCBuildConfiguration;
			buildSettings = {
				BUNDLE_LOADER = "$(BUILT_PRODUCTS_DIR)/GoogleLogin.app/GoogleLogin";
				FRAMEWORK_SEARCH_PATHS = (
					"$(SDKROOT)/Developer/Library/Frameworks",
					"$(inherited)",
					"$(DEVELOPER_FRAMEWORKS_DIR)",
				);
				GCC_PRECOMPILE_PREFIX_HEADER = YES;
				GCC_PREFIX_HEADER = "GoogleLogin/GoogleLogin-Prefix.pch";
				GCC_PREPROCESSOR_DEFINITIONS = (
					"DEBUG=1",
					"$(inherited)",
				);
				INFOPLIST_FILE = "GoogleLoginTests/GoogleLoginTests-Info.plist";
				PRODUCT_NAME = "$(TARGET_NAME)";
				TEST_HOST = "$(BUNDLE_LOADER)";
				WRAPPER_EXTENSION = xctest;
			};
			name = Debug;
		};
		1B654D53193A98CE001D1B19 /* Release */ = {
			isa = XCBuildConfiguration;
			buildSettings = {
				BUNDLE_LOADER = "$(BUILT_PRODUCTS_DIR)/GoogleLogin.app/GoogleLogin";
				FRAMEWORK_SEARCH_PATHS = (
					"$(SDKROOT)/Developer/Library/Frameworks",
					"$(inherited)",
					"$(DEVELOPER_FRAMEWORKS_DIR)",
				);
				GCC_PRECOMPILE_PREFIX_HEADER = YES;
				GCC_PREFIX_HEADER = "GoogleLogin/GoogleLogin-Prefix.pch";
				INFOPLIST_FILE = "GoogleLoginTests/GoogleLoginTests-Info.plist";
				PRODUCT_NAME = "$(TARGET_NAME)";
				TEST_HOST = "$(BUNDLE_LOADER)";
				WRAPPER_EXTENSION = xctest;
			};
			name = Release;
		};
/* End XCBuildConfiguration section */

/* Begin XCConfigurationList section */
		1B654D17193A98CD001D1B19 /* Build configuration list for PBXProject "GoogleLogin" */ = {
			isa = XCConfigurationList;
			buildConfigurations = (
				1B654D4C193A98CE001D1B19 /* Debug */,
				1B654D4D193A98CE001D1B19 /* Release */,
			);
			defaultConfigurationIsVisible = 0;
			defaultConfigurationName = Release;
		};
		1B654D4E193A98CE001D1B19 /* Build configuration list for PBXNativeTarget "GoogleLogin" */ = {
			isa = XCConfigurationList;
			buildConfigurations = (
				1B654D4F193A98CE001D1B19 /* Debug */,
				1B654D50193A98CE001D1B19 /* Release */,
			);
			defaultConfigurationIsVisible = 0;
			defaultConfigurationName = Release;
		};
		1B654D51193A98CE001D1B19 /* Build configuration list for PBXNativeTarget "GoogleLoginTests" */ = {
			isa = XCConfigurationList;
			buildConfigurations = (
				1B654D52193A98CE001D1B19 /* Debug */,
				1B654D53193A98CE001D1B19 /* Release */,
			);
			defaultConfigurationIsVisible = 0;
			defaultConfigurationName = Release;
		};
/* End XCConfigurationList section */
	};
	rootObject = 1B654D14193A98CD001D1B19 /* Project object */;
}
