// !$*UTF8*$!
{
	archiveVersion = 1;
	classes = {
	};
	objectVersion = 46;
	objects = {

/* Begin PBXBuildFile section */
		1B487BBB18EE271400DA5FD5 /* Foundation.framework in Frameworks */ = {isa = PBXBuildFile; fileRef = 1B487BBA18EE271400DA5FD5 /* Foundation.framework */; };
		1B487BBD18EE271400DA5FD5 /* CoreGraphics.framework in Frameworks */ = {isa = PBXBuildFile; fileRef = 1B487BBC18EE271400DA5FD5 /* CoreGraphics.framework */; };
		1B487BBF18EE271400DA5FD5 /* UIKit.framework in Frameworks */ = {isa = PBXBuildFile; fileRef = 1B487BBE18EE271400DA5FD5 /* UIKit.framework */; };
		1B487BC118EE271400DA5FD5 /* CoreData.framework in Frameworks */ = {isa = PBXBuildFile; fileRef = 1B487BC018EE271400DA5FD5 /* CoreData.framework */; };
		1B487BC718EE271500DA5FD5 /* InfoPlist.strings in Resources */ = {isa = PBXBuildFile; fileRef = 1B487BC518EE271500DA5FD5 /* InfoPlist.strings */; };
		1B487BC918EE271500DA5FD5 /* main.m in Sources */ = {isa = PBXBuildFile; fileRef = 1B487BC818EE271500DA5FD5 /* main.m */; };
		1B487BCD18EE271500DA5FD5 /* BoardAppDelegate.m in Sources */ = {isa = PBXBuildFile; fileRef = 1B487BCC18EE271500DA5FD5 /* BoardAppDelegate.m */; };
		1B487BD018EE271500DA5FD5 /* Whiteboard.xcdatamodeld in Sources */ = {isa = PBXBuildFile; fileRef = 1B487BCE18EE271500DA5FD5 /* Whiteboard.xcdatamodeld */; };
		1B487BD218EE271500DA5FD5 /* Images.xcassets in Resources */ = {isa = PBXBuildFile; fileRef = 1B487BD118EE271500DA5FD5 /* Images.xcassets */; };
		1B487BD918EE271500DA5FD5 /* XCTest.framework in Frameworks */ = {isa = PBXBuildFile; fileRef = 1B487BD818EE271500DA5FD5 /* XCTest.framework */; };
		1B487BDA18EE271500DA5FD5 /* Foundation.framework in Frameworks */ = {isa = PBXBuildFile; fileRef = 1B487BBA18EE271400DA5FD5 /* Foundation.framework */; };
		1B487BDB18EE271500DA5FD5 /* UIKit.framework in Frameworks */ = {isa = PBXBuildFile; fileRef = 1B487BBE18EE271400DA5FD5 /* UIKit.framework */; };
		1B487BDC18EE271500DA5FD5 /* CoreData.framework in Frameworks */ = {isa = PBXBuildFile; fileRef = 1B487BC018EE271400DA5FD5 /* CoreData.framework */; };
		1B487BE418EE271500DA5FD5 /* InfoPlist.strings in Resources */ = {isa = PBXBuildFile; fileRef = 1B487BE218EE271500DA5FD5 /* InfoPlist.strings */; };
		1B487BE618EE271500DA5FD5 /* WhiteboardTests.m in Sources */ = {isa = PBXBuildFile; fileRef = 1B487BE518EE271500DA5FD5 /* WhiteboardTests.m */; };
		1B487BF018EE272F00DA5FD5 /* Storyboard.storyboard in Resources */ = {isa = PBXBuildFile; fileRef = 1B487BEF18EE272F00DA5FD5 /* Storyboard.storyboard */; };
/* End PBXBuildFile section */

/* Begin PBXContainerItemProxy section */
		1B487BDD18EE271500DA5FD5 /* PBXContainerItemProxy */ = {
			isa = PBXContainerItemProxy;
			containerPortal = 1B487BAF18EE271400DA5FD5 /* Project object */;
			proxyType = 1;
			remoteGlobalIDString = 1B487BB618EE271400DA5FD5;
			remoteInfo = Whiteboard;
		};
/* End PBXContainerItemProxy section */

/* Begin PBXFileReference section */
		1B487BB718EE271400DA5FD5 /* Whiteboard.app */ = {isa = PBXFileReference; explicitFileType = wrapper.application; includeInIndex = 0; path = Whiteboard.app; sourceTree = BUILT_PRODUCTS_DIR; };
		1B487BBA18EE271400DA5FD5 /* Foundation.framework */ = {isa = PBXFileReference; lastKnownFileType = wrapper.framework; name = Foundation.framework; path = System/Library/Frameworks/Foundation.framework; sourceTree = SDKROOT; };
		1B487BBC18EE271400DA5FD5 /* CoreGraphics.framework */ = {isa = PBXFileReference; lastKnownFileType = wrapper.framework; name = CoreGraphics.framework; path = System/Library/Frameworks/CoreGraphics.framework; sourceTree = SDKROOT; };
		1B487BBE18EE271400DA5FD5 /* UIKit.framework */ = {isa = PBXFileReference; lastKnownFileType = wrapper.framework; name = UIKit.framework; path = System/Library/Frameworks/UIKit.framework; sourceTree = SDKROOT; };
		1B487BC018EE271400DA5FD5 /* CoreData.framework */ = {isa = PBXFileReference; lastKnownFileType = wrapper.framework; name = CoreData.framework; path = System/Library/Frameworks/CoreData.framework; sourceTree = SDKROOT; };
		1B487BC418EE271500DA5FD5 /* Whiteboard-Info.plist */ = {isa = PBXFileReference; lastKnownFileType = text.plist.xml; path = "Whiteboard-Info.plist"; sourceTree = "<group>"; };
		1B487BC618EE271500DA5FD5 /* en */ = {isa = PBXFileReference; lastKnownFileType = text.plist.strings; name = en; path = en.lproj/InfoPlist.strings; sourceTree = "<group>"; };
		1B487BC818EE271500DA5FD5 /* main.m */ = {isa = PBXFileReference; lastKnownFileType = sourcecode.c.objc; path = main.m; sourceTree = "<group>"; };
		1B487BCA18EE271500DA5FD5 /* Whiteboard-Prefix.pch */ = {isa = PBXFileReference; lastKnownFileType = sourcecode.c.h; path = "Whiteboard-Prefix.pch"; sourceTree = "<group>"; };
		1B487BCB18EE271500DA5FD5 /* BoardAppDelegate.h */ = {isa = PBXFileReference; lastKnownFileType = sourcecode.c.h; path = BoardAppDelegate.h; sourceTree = "<group>"; };
		1B487BCC18EE271500DA5FD5 /* BoardAppDelegate.m */ = {isa = PBXFileReference; lastKnownFileType = sourcecode.c.objc; path = BoardAppDelegate.m; sourceTree = "<group>"; };
		1B487BCF18EE271500DA5FD5 /* Whiteboard.xcdatamodel */ = {isa = PBXFileReference; lastKnownFileType = wrapper.xcdatamodel; path = Whiteboard.xcdatamodel; sourceTree = "<group>"; };
		1B487BD118EE271500DA5FD5 /* Images.xcassets */ = {isa = PBXFileReference; lastKnownFileType = folder.assetcatalog; path = Images.xcassets; sourceTree = "<group>"; };
		1B487BD718EE271500DA5FD5 /* WhiteboardTests.xctest */ = {isa = PBXFileReference; explicitFileType = wrapper.cfbundle; includeInIndex = 0; path = WhiteboardTests.xctest; sourceTree = BUILT_PRODUCTS_DIR; };
		1B487BD818EE271500DA5FD5 /* XCTest.framework */ = {isa = PBXFileReference; lastKnownFileType = wrapper.framework; name = XCTest.framework; path = Library/Frameworks/XCTest.framework; sourceTree = DEVELOPER_DIR; };
		1B487BE118EE271500DA5FD5 /* WhiteboardTests-Info.plist */ = {isa = PBXFileReference; lastKnownFileType = text.plist.xml; path = "WhiteboardTests-Info.plist"; sourceTree = "<group>"; };
		1B487BE318EE271500DA5FD5 /* en */ = {isa = PBXFileReference; lastKnownFileType = text.plist.strings; name = en; path = en.lproj/InfoPlist.strings; sourceTree = "<group>"; };
		1B487BE518EE271500DA5FD5 /* WhiteboardTests.m */ = {isa = PBXFileReference; lastKnownFileType = sourcecode.c.objc; path = WhiteboardTests.m; sourceTree = "<group>"; };
		1B487BEF18EE272F00DA5FD5 /* Storyboard.storyboard */ = {isa = PBXFileReference; fileEncoding = 4; lastKnownFileType = file.storyboard; name = Storyboard.storyboard; path = ../Storyboard.storyboard; sourceTree = "<group>"; };
/* End PBXFileReference section */

/* Begin PBXFrameworksBuildPhase section */
		1B487BB418EE271400DA5FD5 /* Frameworks */ = {
			isa = PBXFrameworksBuildPhase;
			buildActionMask = 2147483647;
			files = (
				1B487BBD18EE271400DA5FD5 /* CoreGraphics.framework in Frameworks */,
				1B487BC118EE271400DA5FD5 /* CoreData.framework in Frameworks */,
				1B487BBF18EE271400DA5FD5 /* UIKit.framework in Frameworks */,
				1B487BBB18EE271400DA5FD5 /* Foundation.framework in Frameworks */,
			);
			runOnlyForDeploymentPostprocessing = 0;
		};
		1B487BD418EE271500DA5FD5 /* Frameworks */ = {
			isa = PBXFrameworksBuildPhase;
			buildActionMask = 2147483647;
			files = (
				1B487BD918EE271500DA5FD5 /* XCTest.framework in Frameworks */,
				1B487BDC18EE271500DA5FD5 /* CoreData.framework in Frameworks */,
				1B487BDB18EE271500DA5FD5 /* UIKit.framework in Frameworks */,
				1B487BDA18EE271500DA5FD5 /* Foundation.framework in Frameworks */,
			);
			runOnlyForDeploymentPostprocessing = 0;
		};
/* End PBXFrameworksBuildPhase section */

/* Begin PBXGroup section */
		1B487BAE18EE271400DA5FD5 = {
			isa = PBXGroup;
			children = (
				1B487BC218EE271500DA5FD5 /* Whiteboard */,
				1B487BDF18EE271500DA5FD5 /* WhiteboardTests */,
				1B487BB918EE271400DA5FD5 /* Frameworks */,
				1B487BB818EE271400DA5FD5 /* Products */,
			);
			sourceTree = "<group>";
		};
		1B487BB818EE271400DA5FD5 /* Products */ = {
			isa = PBXGroup;
			children = (
				1B487BB718EE271400DA5FD5 /* Whiteboard.app */,
				1B487BD718EE271500DA5FD5 /* WhiteboardTests.xctest */,
			);
			name = Products;
			sourceTree = "<group>";
		};
		1B487BB918EE271400DA5FD5 /* Frameworks */ = {
			isa = PBXGroup;
			children = (
				1B487BBA18EE271400DA5FD5 /* Foundation.framework */,
				1B487BBC18EE271400DA5FD5 /* CoreGraphics.framework */,
				1B487BBE18EE271400DA5FD5 /* UIKit.framework */,
				1B487BC018EE271400DA5FD5 /* CoreData.framework */,
				1B487BD818EE271500DA5FD5 /* XCTest.framework */,
			);
			name = Frameworks;
			sourceTree = "<group>";
		};
		1B487BC218EE271500DA5FD5 /* Whiteboard */ = {
			isa = PBXGroup;
			children = (
				1B487BEF18EE272F00DA5FD5 /* Storyboard.storyboard */,
				1B487BCB18EE271500DA5FD5 /* BoardAppDelegate.h */,
				1B487BCC18EE271500DA5FD5 /* BoardAppDelegate.m */,
				1B487BD118EE271500DA5FD5 /* Images.xcassets */,
				1B487BCE18EE271500DA5FD5 /* Whiteboard.xcdatamodeld */,
				1B487BC318EE271500DA5FD5 /* Supporting Files */,
			);
			path = Whiteboard;
			sourceTree = "<group>";
		};
		1B487BC318EE271500DA5FD5 /* Supporting Files */ = {
			isa = PBXGroup;
			children = (
				1B487BC418EE271500DA5FD5 /* Whiteboard-Info.plist */,
				1B487BC518EE271500DA5FD5 /* InfoPlist.strings */,
				1B487BC818EE271500DA5FD5 /* main.m */,
				1B487BCA18EE271500DA5FD5 /* Whiteboard-Prefix.pch */,
			);
			name = "Supporting Files";
			sourceTree = "<group>";
		};
		1B487BDF18EE271500DA5FD5 /* WhiteboardTests */ = {
			isa = PBXGroup;
			children = (
				1B487BE518EE271500DA5FD5 /* WhiteboardTests.m */,
				1B487BE018EE271500DA5FD5 /* Supporting Files */,
			);
			path = WhiteboardTests;
			sourceTree = "<group>";
		};
		1B487BE018EE271500DA5FD5 /* Supporting Files */ = {
			isa = PBXGroup;
			children = (
				1B487BE118EE271500DA5FD5 /* WhiteboardTests-Info.plist */,
				1B487BE218EE271500DA5FD5 /* InfoPlist.strings */,
			);
			name = "Supporting Files";
			sourceTree = "<group>";
		};
/* End PBXGroup section */

/* Begin PBXNativeTarget section */
		1B487BB618EE271400DA5FD5 /* Whiteboard */ = {
			isa = PBXNativeTarget;
			buildConfigurationList = 1B487BE918EE271500DA5FD5 /* Build configuration list for PBXNativeTarget "Whiteboard" */;
			buildPhases = (
				1B487BB318EE271400DA5FD5 /* Sources */,
				1B487BB418EE271400DA5FD5 /* Frameworks */,
				1B487BB518EE271400DA5FD5 /* Resources */,
			);
			buildRules = (
			);
			dependencies = (
			);
			name = Whiteboard;
			productName = Whiteboard;
			productReference = 1B487BB718EE271400DA5FD5 /* Whiteboard.app */;
			productType = "com.apple.product-type.application";
		};
		1B487BD618EE271500DA5FD5 /* WhiteboardTests */ = {
			isa = PBXNativeTarget;
			buildConfigurationList = 1B487BEC18EE271500DA5FD5 /* Build configuration list for PBXNativeTarget "WhiteboardTests" */;
			buildPhases = (
				1B487BD318EE271500DA5FD5 /* Sources */,
				1B487BD418EE271500DA5FD5 /* Frameworks */,
				1B487BD518EE271500DA5FD5 /* Resources */,
			);
			buildRules = (
			);
			dependencies = (
				1B487BDE18EE271500DA5FD5 /* PBXTargetDependency */,
			);
			name = WhiteboardTests;
			productName = WhiteboardTests;
			productReference = 1B487BD718EE271500DA5FD5 /* WhiteboardTests.xctest */;
			productType = "com.apple.product-type.bundle.unit-test";
		};
/* End PBXNativeTarget section */

/* Begin PBXProject section */
		1B487BAF18EE271400DA5FD5 /* Project object */ = {
			isa = PBXProject;
			attributes = {
				CLASSPREFIX = Board;
				LastUpgradeCheck = 0510;
				ORGANIZATIONNAME = "Akhil Nambiar";
				TargetAttributes = {
					1B487BD618EE271500DA5FD5 = {
						TestTargetID = 1B487BB618EE271400DA5FD5;
					};
				};
			};
			buildConfigurationList = 1B487BB218EE271400DA5FD5 /* Build configuration list for PBXProject "Whiteboard" */;
			compatibilityVersion = "Xcode 3.2";
			developmentRegion = English;
			hasScannedForEncodings = 0;
			knownRegions = (
				en,
			);
			mainGroup = 1B487BAE18EE271400DA5FD5;
			productRefGroup = 1B487BB818EE271400DA5FD5 /* Products */;
			projectDirPath = "";
			projectRoot = "";
			targets = (
				1B487BB618EE271400DA5FD5 /* Whiteboard */,
				1B487BD618EE271500DA5FD5 /* WhiteboardTests */,
			);
		};
/* End PBXProject section */

/* Begin PBXResourcesBuildPhase section */
		1B487BB518EE271400DA5FD5 /* Resources */ = {
			isa = PBXResourcesBuildPhase;
			buildActionMask = 2147483647;
			files = (
				1B487BC718EE271500DA5FD5 /* InfoPlist.strings in Resources */,
				1B487BD218EE271500DA5FD5 /* Images.xcassets in Resources */,
				1B487BF018EE272F00DA5FD5 /* Storyboard.storyboard in Resources */,
			);
			runOnlyForDeploymentPostprocessing = 0;
		};
		1B487BD518EE271500DA5FD5 /* Resources */ = {
			isa = PBXResourcesBuildPhase;
			buildActionMask = 2147483647;
			files = (
				1B487BE418EE271500DA5FD5 /* InfoPlist.strings in Resources */,
			);
			runOnlyForDeploymentPostprocessing = 0;
		};
/* End PBXResourcesBuildPhase section */

/* Begin PBXSourcesBuildPhase section */
		1B487BB318EE271400DA5FD5 /* Sources */ = {
			isa = PBXSourcesBuildPhase;
			buildActionMask = 2147483647;
			files = (
				1B487BD018EE271500DA5FD5 /* Whiteboard.xcdatamodeld in Sources */,
				1B487BC918EE271500DA5FD5 /* main.m in Sources */,
				1B487BCD18EE271500DA5FD5 /* BoardAppDelegate.m in Sources */,
			);
			runOnlyForDeploymentPostprocessing = 0;
		};
		1B487BD318EE271500DA5FD5 /* Sources */ = {
			isa = PBXSourcesBuildPhase;
			buildActionMask = 2147483647;
			files = (
				1B487BE618EE271500DA5FD5 /* WhiteboardTests.m in Sources */,
			);
			runOnlyForDeploymentPostprocessing = 0;
		};
/* End PBXSourcesBuildPhase section */

/* Begin PBXTargetDependency section */
		1B487BDE18EE271500DA5FD5 /* PBXTargetDependency */ = {
			isa = PBXTargetDependency;
			target = 1B487BB618EE271400DA5FD5 /* Whiteboard */;
			targetProxy = 1B487BDD18EE271500DA5FD5 /* PBXContainerItemProxy */;
		};
/* End PBXTargetDependency section */

/* Begin PBXVariantGroup section */
		1B487BC518EE271500DA5FD5 /* InfoPlist.strings */ = {
			isa = PBXVariantGroup;
			children = (
				1B487BC618EE271500DA5FD5 /* en */,
			);
			name = InfoPlist.strings;
			sourceTree = "<group>";
		};
		1B487BE218EE271500DA5FD5 /* InfoPlist.strings */ = {
			isa = PBXVariantGroup;
			children = (
				1B487BE318EE271500DA5FD5 /* en */,
			);
			name = InfoPlist.strings;
			sourceTree = "<group>";
		};
/* End PBXVariantGroup section */

/* Begin XCBuildConfiguration section */
		1B487BE718EE271500DA5FD5 /* Debug */ = {
			isa = XCBuildConfiguration;
			buildSettings = {
				ALWAYS_SEARCH_USER_PATHS = NO;
				CLANG_CXX_LANGUAGE_STANDARD = "gnu++0x";
				CLANG_CXX_LIBRARY = "libc++";
				CLANG_ENABLE_MODULES = YES;
				CLANG_ENABLE_OBJC_ARC = YES;
				CLANG_WARN_BOOL_CONVERSION = YES;
				CLANG_WARN_CONSTANT_CONVERSION = YES;
				CLANG_WARN_DIRECT_OBJC_ISA_USAGE = YES_ERROR;
				CLANG_WARN_EMPTY_BODY = YES;
				CLANG_WARN_ENUM_CONVERSION = YES;
				CLANG_WARN_INT_CONVERSION = YES;
				CLANG_WARN_OBJC_ROOT_CLASS = YES_ERROR;
				CLANG_WARN__DUPLICATE_METHOD_MATCH = YES;
				"CODE_SIGN_IDENTITY[sdk=iphoneos*]" = "iPhone Developer";
				COPY_PHASE_STRIP = NO;
				GCC_C_LANGUAGE_STANDARD = gnu99;
				GCC_DYNAMIC_NO_PIC = NO;
				GCC_OPTIMIZATION_LEVEL = 0;
				GCC_PREPROCESSOR_DEFINITIONS = (
					"DEBUG=1",
					"$(inherited)",
				);
				GCC_SYMBOLS_PRIVATE_EXTERN = NO;
				GCC_WARN_64_TO_32_BIT_CONVERSION = YES;
				GCC_WARN_ABOUT_RETURN_TYPE = YES_ERROR;
				GCC_WARN_UNDECLARED_SELECTOR = YES;
				GCC_WARN_UNINITIALIZED_AUTOS = YES_AGGRESSIVE;
				GCC_WARN_UNUSED_FUNCTION = YES;
				GCC_WARN_UNUSED_VARIABLE = YES;
				IPHONEOS_DEPLOYMENT_TARGET = 7.1;
				ONLY_ACTIVE_ARCH = YES;
				SDKROOT = iphoneos;
				TARGETED_DEVICE_FAMILY = 2;
			};
			name = Debug;
		};
		1B487BE818EE271500DA5FD5 /* Release */ = {
			isa = XCBuildConfiguration;
			buildSettings = {
				ALWAYS_SEARCH_USER_PATHS = NO;
				CLANG_CXX_LANGUAGE_STANDARD = "gnu++0x";
				CLANG_CXX_LIBRARY = "libc++";
				CLANG_ENABLE_MODULES = YES;
				CLANG_ENABLE_OBJC_ARC = YES;
				CLANG_WARN_BOOL_CONVERSION = YES;
				CLANG_WARN_CONSTANT_CONVERSION = YES;
				CLANG_WARN_DIRECT_OBJC_ISA_USAGE = YES_ERROR;
				CLANG_WARN_EMPTY_BODY = YES;
				CLANG_WARN_ENUM_CONVERSION = YES;
				CLANG_WARN_INT_CONVERSION = YES;
				CLANG_WARN_OBJC_ROOT_CLASS = YES_ERROR;
				CLANG_WARN__DUPLICATE_METHOD_MATCH = YES;
				"CODE_SIGN_IDENTITY[sdk=iphoneos*]" = "iPhone Developer";
				COPY_PHASE_STRIP = YES;
				ENABLE_NS_ASSERTIONS = NO;
				GCC_C_LANGUAGE_STANDARD = gnu99;
				GCC_WARN_64_TO_32_BIT_CONVERSION = YES;
				GCC_WARN_ABOUT_RETURN_TYPE = YES_ERROR;
				GCC_WARN_UNDECLARED_SELECTOR = YES;
				GCC_WARN_UNINITIALIZED_AUTOS = YES_AGGRESSIVE;
				GCC_WARN_UNUSED_FUNCTION = YES;
				GCC_WARN_UNUSED_VARIABLE = YES;
				IPHONEOS_DEPLOYMENT_TARGET = 7.1;
				SDKROOT = iphoneos;
				TARGETED_DEVICE_FAMILY = 2;
				VALIDATE_PRODUCT = YES;
			};
			name = Release;
		};
		1B487BEA18EE271500DA5FD5 /* Debug */ = {
			isa = XCBuildConfiguration;
			buildSettings = {
				ASSETCATALOG_COMPILER_APPICON_NAME = AppIcon;
				ASSETCATALOG_COMPILER_LAUNCHIMAGE_NAME = LaunchImage;
				GCC_PRECOMPILE_PREFIX_HEADER = YES;
				GCC_PREFIX_HEADER = "Whiteboard/Whiteboard-Prefix.pch";
				INFOPLIST_FILE = "Whiteboard/Whiteboard-Info.plist";
				PRODUCT_NAME = "$(TARGET_NAME)";
				WRAPPER_EXTENSION = app;
			};
			name = Debug;
		};
		1B487BEB18EE271500DA5FD5 /* Release */ = {
			isa = XCBuildConfiguration;
			buildSettings = {
				ASSETCATALOG_COMPILER_APPICON_NAME = AppIcon;
				ASSETCATALOG_COMPILER_LAUNCHIMAGE_NAME = LaunchImage;
				GCC_PRECOMPILE_PREFIX_HEADER = YES;
				GCC_PREFIX_HEADER = "Whiteboard/Whiteboard-Prefix.pch";
				INFOPLIST_FILE = "Whiteboard/Whiteboard-Info.plist";
				PRODUCT_NAME = "$(TARGET_NAME)";
				WRAPPER_EXTENSION = app;
			};
			name = Release;
		};
		1B487BED18EE271500DA5FD5 /* Debug */ = {
			isa = XCBuildConfiguration;
			buildSettings = {
				BUNDLE_LOADER = "$(BUILT_PRODUCTS_DIR)/Whiteboard.app/Whiteboard";
				FRAMEWORK_SEARCH_PATHS = (
					"$(SDKROOT)/Developer/Library/Frameworks",
					"$(inherited)",
					"$(DEVELOPER_FRAMEWORKS_DIR)",
				);
				GCC_PRECOMPILE_PREFIX_HEADER = YES;
				GCC_PREFIX_HEADER = "Whiteboard/Whiteboard-Prefix.pch";
				GCC_PREPROCESSOR_DEFINITIONS = (
					"DEBUG=1",
					"$(inherited)",
				);
				INFOPLIST_FILE = "WhiteboardTests/WhiteboardTests-Info.plist";
				PRODUCT_NAME = "$(TARGET_NAME)";
				TEST_HOST = "$(BUNDLE_LOADER)";
				WRAPPER_EXTENSION = xctest;
			};
			name = Debug;
		};
		1B487BEE18EE271500DA5FD5 /* Release */ = {
			isa = XCBuildConfiguration;
			buildSettings = {
				BUNDLE_LOADER = "$(BUILT_PRODUCTS_DIR)/Whiteboard.app/Whiteboard";
				FRAMEWORK_SEARCH_PATHS = (
					"$(SDKROOT)/Developer/Library/Frameworks",
					"$(inherited)",
					"$(DEVELOPER_FRAMEWORKS_DIR)",
				);
				GCC_PRECOMPILE_PREFIX_HEADER = YES;
				GCC_PREFIX_HEADER = "Whiteboard/Whiteboard-Prefix.pch";
				INFOPLIST_FILE = "WhiteboardTests/WhiteboardTests-Info.plist";
				PRODUCT_NAME = "$(TARGET_NAME)";
				TEST_HOST = "$(BUNDLE_LOADER)";
				WRAPPER_EXTENSION = xctest;
			};
			name = Release;
		};
/* End XCBuildConfiguration section */

/* Begin XCConfigurationList section */
		1B487BB218EE271400DA5FD5 /* Build configuration list for PBXProject "Whiteboard" */ = {
			isa = XCConfigurationList;
			buildConfigurations = (
				1B487BE718EE271500DA5FD5 /* Debug */,
				1B487BE818EE271500DA5FD5 /* Release */,
			);
			defaultConfigurationIsVisible = 0;
			defaultConfigurationName = Release;
		};
		1B487BE918EE271500DA5FD5 /* Build configuration list for PBXNativeTarget "Whiteboard" */ = {
			isa = XCConfigurationList;
			buildConfigurations = (
				1B487BEA18EE271500DA5FD5 /* Debug */,
				1B487BEB18EE271500DA5FD5 /* Release */,
			);
			defaultConfigurationIsVisible = 0;
		};
		1B487BEC18EE271500DA5FD5 /* Build configuration list for PBXNativeTarget "WhiteboardTests" */ = {
			isa = XCConfigurationList;
			buildConfigurations = (
				1B487BED18EE271500DA5FD5 /* Debug */,
				1B487BEE18EE271500DA5FD5 /* Release */,
			);
			defaultConfigurationIsVisible = 0;
		};
/* End XCConfigurationList section */

/* Begin XCVersionGroup section */
		1B487BCE18EE271500DA5FD5 /* Whiteboard.xcdatamodeld */ = {
			isa = XCVersionGroup;
			children = (
				1B487BCF18EE271500DA5FD5 /* Whiteboard.xcdatamodel */,
			);
			currentVersion = 1B487BCF18EE271500DA5FD5 /* Whiteboard.xcdatamodel */;
			path = Whiteboard.xcdatamodeld;
			sourceTree = "<group>";
			versionGroupType = wrapper.xcdatamodel;
		};
/* End XCVersionGroup section */
	};
	rootObject = 1B487BAF18EE271400DA5FD5 /* Project object */;
}
